// !$*UTF8*$!
{
	archiveVersion = 1;
	classes = {
	};
	objectVersion = 56;
	objects = {

/* Begin PBXBuildFile section */
		FD606354292F95E3006A26FF /* NavigationStackAPI.swift in Sources */ = {isa = PBXBuildFile; fileRef = FD606353292F95E3006A26FF /* NavigationStackAPI.swift */; };
		FD606356292F9AA4006A26FF /* NavigationSplitAPI.swift in Sources */ = {isa = PBXBuildFile; fileRef = FD606355292F9AA4006A26FF /* NavigationSplitAPI.swift */; };
		FD606359292FA307006A26FF /* BottomSheetAPI.swift in Sources */ = {isa = PBXBuildFile; fileRef = FD606358292FA307006A26FF /* BottomSheetAPI.swift */; };
		FD60635C292FA761006A26FF /* GridAPI.swift in Sources */ = {isa = PBXBuildFile; fileRef = FD60635B292FA761006A26FF /* GridAPI.swift */; };
		FD60635F292FAE45006A26FF /* TapGestureLocation.swift in Sources */ = {isa = PBXBuildFile; fileRef = FD60635E292FAE45006A26FF /* TapGestureLocation.swift */; };
		FD606362292FAF5D006A26FF /* ShareLinkAPI.swift in Sources */ = {isa = PBXBuildFile; fileRef = FD606361292FAF5D006A26FF /* ShareLinkAPI.swift */; };
		FD62CF34293A23C300C4ED1E /* MultiDatePickers.swift in Sources */ = {isa = PBXBuildFile; fileRef = FD62CF33293A23C300C4ED1E /* MultiDatePickers.swift */; };
		FDF036C029179913000D3F87 /* SwiftUI_4_AccessoryApp.swift in Sources */ = {isa = PBXBuildFile; fileRef = FDF036BF29179913000D3F87 /* SwiftUI_4_AccessoryApp.swift */; };
		FDF036C229179913000D3F87 /* ContentView.swift in Sources */ = {isa = PBXBuildFile; fileRef = FDF036C129179913000D3F87 /* ContentView.swift */; };
		FDF036C429179917000D3F87 /* Assets.xcassets in Resources */ = {isa = PBXBuildFile; fileRef = FDF036C329179917000D3F87 /* Assets.xcassets */; };
		FDF036C729179917000D3F87 /* Preview Assets.xcassets in Resources */ = {isa = PBXBuildFile; fileRef = FDF036C629179917000D3F87 /* Preview Assets.xcassets */; };
		FDF036CF29179B34000D3F87 /* NewLayoutAPI.swift in Sources */ = {isa = PBXBuildFile; fileRef = FDF036CE29179B34000D3F87 /* NewLayoutAPI.swift */; };
/* End PBXBuildFile section */

/* Begin PBXFileReference section */
		FD606353292F95E3006A26FF /* NavigationStackAPI.swift */ = {isa = PBXFileReference; lastKnownFileType = sourcecode.swift; path = NavigationStackAPI.swift; sourceTree = "<group>"; };
		FD606355292F9AA4006A26FF /* NavigationSplitAPI.swift */ = {isa = PBXFileReference; lastKnownFileType = sourcecode.swift; path = NavigationSplitAPI.swift; sourceTree = "<group>"; };
		FD606358292FA307006A26FF /* BottomSheetAPI.swift */ = {isa = PBXFileReference; lastKnownFileType = sourcecode.swift; path = BottomSheetAPI.swift; sourceTree = "<group>"; };
		FD60635B292FA761006A26FF /* GridAPI.swift */ = {isa = PBXFileReference; lastKnownFileType = sourcecode.swift; path = GridAPI.swift; sourceTree = "<group>"; };
		FD60635E292FAE45006A26FF /* TapGestureLocation.swift */ = {isa = PBXFileReference; lastKnownFileType = sourcecode.swift; path = TapGestureLocation.swift; sourceTree = "<group>"; };
		FD606361292FAF5D006A26FF /* ShareLinkAPI.swift */ = {isa = PBXFileReference; lastKnownFileType = sourcecode.swift; path = ShareLinkAPI.swift; sourceTree = "<group>"; };
		FD62CF33293A23C300C4ED1E /* MultiDatePickers.swift */ = {isa = PBXFileReference; lastKnownFileType = sourcecode.swift; path = MultiDatePickers.swift; sourceTree = "<group>"; };
		FDF036BC29179913000D3F87 /* SwiftUI_4_Accessory.app */ = {isa = PBXFileReference; explicitFileType = wrapper.application; includeInIndex = 0; path = SwiftUI_4_Accessory.app; sourceTree = BUILT_PRODUCTS_DIR; };
		FDF036BF29179913000D3F87 /* SwiftUI_4_AccessoryApp.swift */ = {isa = PBXFileReference; lastKnownFileType = sourcecode.swift; path = SwiftUI_4_AccessoryApp.swift; sourceTree = "<group>"; };
		FDF036C129179913000D3F87 /* ContentView.swift */ = {isa = PBXFileReference; lastKnownFileType = sourcecode.swift; path = ContentView.swift; sourceTree = "<group>"; };
		FDF036C329179917000D3F87 /* Assets.xcassets */ = {isa = PBXFileReference; lastKnownFileType = folder.assetcatalog; path = Assets.xcassets; sourceTree = "<group>"; };
		FDF036C629179917000D3F87 /* Preview Assets.xcassets */ = {isa = PBXFileReference; lastKnownFileType = folder.assetcatalog; path = "Preview Assets.xcassets"; sourceTree = "<group>"; };
		FDF036CE29179B34000D3F87 /* NewLayoutAPI.swift */ = {isa = PBXFileReference; lastKnownFileType = sourcecode.swift; path = NewLayoutAPI.swift; sourceTree = "<group>"; };
/* End PBXFileReference section */

/* Begin PBXFrameworksBuildPhase section */
		FDF036B929179913000D3F87 /* Frameworks */ = {
			isa = PBXFrameworksBuildPhase;
			buildActionMask = 2147483647;
			files = (
			);
			runOnlyForDeploymentPostprocessing = 0;
		};
/* End PBXFrameworksBuildPhase section */

/* Begin PBXGroup section */
		FD606351292F95B7006A26FF /* SwiftUI4 */ = {
			isa = PBXGroup;
			children = (
				FD62CF32293A23A600C4ED1E /* MultiDatePicker */,
				FD606360292FAF4C006A26FF /* ShareLinkAPI */,
				FD60635D292FAE37006A26FF /* TapGesture */,
				FD60635A292FA745006A26FF /* LayoutAPI */,
				FD606357292FA2EF006A26FF /* Bottom Sheets */,
				FD606352292F95C7006A26FF /* Navigation */,
			);
			path = SwiftUI4;
			sourceTree = "<group>";
		};
		FD606352292F95C7006A26FF /* Navigation */ = {
			isa = PBXGroup;
			children = (
				FD606353292F95E3006A26FF /* NavigationStackAPI.swift */,
				FD606355292F9AA4006A26FF /* NavigationSplitAPI.swift */,
			);
			path = Navigation;
			sourceTree = "<group>";
		};
		FD606357292FA2EF006A26FF /* Bottom Sheets */ = {
			isa = PBXGroup;
			children = (
				FD606358292FA307006A26FF /* BottomSheetAPI.swift */,
			);
			path = "Bottom Sheets";
			sourceTree = "<group>";
		};
		FD60635A292FA745006A26FF /* LayoutAPI */ = {
			isa = PBXGroup;
			children = (
				FD60635B292FA761006A26FF /* GridAPI.swift */,
			);
			path = LayoutAPI;
			sourceTree = "<group>";
		};
		FD60635D292FAE37006A26FF /* TapGesture */ = {
			isa = PBXGroup;
			children = (
				FD60635E292FAE45006A26FF /* TapGestureLocation.swift */,
			);
			path = TapGesture;
			sourceTree = "<group>";
		};
		FD606360292FAF4C006A26FF /* ShareLinkAPI */ = {
			isa = PBXGroup;
			children = (
				FD606361292FAF5D006A26FF /* ShareLinkAPI.swift */,
			);
			path = ShareLinkAPI;
			sourceTree = "<group>";
		};
		FD62CF32293A23A600C4ED1E /* MultiDatePicker */ = {
			isa = PBXGroup;
			children = (
				FD62CF33293A23C300C4ED1E /* MultiDatePickers.swift */,
			);
			path = MultiDatePicker;
			sourceTree = "<group>";
		};
		FDF036B329179913000D3F87 = {
			isa = PBXGroup;
			children = (
				FDF036BE29179913000D3F87 /* SwiftUI_4_Accessory */,
				FDF036BD29179913000D3F87 /* Products */,
			);
			sourceTree = "<group>";
		};
		FDF036BD29179913000D3F87 /* Products */ = {
			isa = PBXGroup;
			children = (
				FDF036BC29179913000D3F87 /* SwiftUI_4_Accessory.app */,
			);
			name = Products;
			sourceTree = "<group>";
		};
		FDF036BE29179913000D3F87 /* SwiftUI_4_Accessory */ = {
			isa = PBXGroup;
			children = (
				FDF036BF29179913000D3F87 /* SwiftUI_4_AccessoryApp.swift */,
				FDF036C129179913000D3F87 /* ContentView.swift */,
				FD606351292F95B7006A26FF /* SwiftUI4 */,
				FDF036CD29179B1D000D3F87 /* NewLayoutAPI */,
				FDF036C329179917000D3F87 /* Assets.xcassets */,
				FDF036C529179917000D3F87 /* Preview Content */,
			);
			path = SwiftUI_4_Accessory;
			sourceTree = "<group>";
		};
		FDF036C529179917000D3F87 /* Preview Content */ = {
			isa = PBXGroup;
			children = (
				FDF036C629179917000D3F87 /* Preview Assets.xcassets */,
			);
			path = "Preview Content";
			sourceTree = "<group>";
		};
		FDF036CD29179B1D000D3F87 /* NewLayoutAPI */ = {
			isa = PBXGroup;
			children = (
				FDF036CE29179B34000D3F87 /* NewLayoutAPI.swift */,
			);
			path = NewLayoutAPI;
			sourceTree = "<group>";
		};
/* End PBXGroup section */

/* Begin PBXNativeTarget section */
		FDF036BB29179913000D3F87 /* SwiftUI_4_Accessory */ = {
			isa = PBXNativeTarget;
			buildConfigurationList = FDF036CA29179917000D3F87 /* Build configuration list for PBXNativeTarget "SwiftUI_4_Accessory" */;
			buildPhases = (
				FDF036B829179913000D3F87 /* Sources */,
				FDF036B929179913000D3F87 /* Frameworks */,
				FDF036BA29179913000D3F87 /* Resources */,
			);
			buildRules = (
			);
			dependencies = (
			);
			name = SwiftUI_4_Accessory;
			productName = SwiftUI_4_Accessory;
			productReference = FDF036BC29179913000D3F87 /* SwiftUI_4_Accessory.app */;
			productType = "com.apple.product-type.application";
		};
/* End PBXNativeTarget section */

/* Begin PBXProject section */
		FDF036B429179913000D3F87 /* Project object */ = {
			isa = PBXProject;
			attributes = {
				BuildIndependentTargetsInParallel = 1;
				LastSwiftUpdateCheck = 1400;
				LastUpgradeCheck = 1400;
				TargetAttributes = {
					FDF036BB29179913000D3F87 = {
						CreatedOnToolsVersion = 14.0.1;
					};
				};
			};
			buildConfigurationList = FDF036B729179913000D3F87 /* Build configuration list for PBXProject "SwiftUI_4_Accessory" */;
			compatibilityVersion = "Xcode 14.0";
			developmentRegion = en;
			hasScannedForEncodings = 0;
			knownRegions = (
				en,
				Base,
			);
			mainGroup = FDF036B329179913000D3F87;
			productRefGroup = FDF036BD29179913000D3F87 /* Products */;
			projectDirPath = "";
			projectRoot = "";
			targets = (
				FDF036BB29179913000D3F87 /* SwiftUI_4_Accessory */,
			);
		};
/* End PBXProject section */

/* Begin PBXResourcesBuildPhase section */
		FDF036BA29179913000D3F87 /* Resources */ = {
			isa = PBXResourcesBuildPhase;
			buildActionMask = 2147483647;
			files = (
				FDF036C729179917000D3F87 /* Preview Assets.xcassets in Resources */,
				FDF036C429179917000D3F87 /* Assets.xcassets in Resources */,
			);
			runOnlyForDeploymentPostprocessing = 0;
		};
/* End PBXResourcesBuildPhase section */

/* Begin PBXSourcesBuildPhase section */
		FDF036B829179913000D3F87 /* Sources */ = {
			isa = PBXSourcesBuildPhase;
			buildActionMask = 2147483647;
			files = (
				FD60635F292FAE45006A26FF /* TapGestureLocation.swift in Sources */,
				FD606354292F95E3006A26FF /* NavigationStackAPI.swift in Sources */,
				FD606362292FAF5D006A26FF /* ShareLinkAPI.swift in Sources */,
				FD62CF34293A23C300C4ED1E /* MultiDatePickers.swift in Sources */,
				FD60635C292FA761006A26FF /* GridAPI.swift in Sources */,
				FDF036CF29179B34000D3F87 /* NewLayoutAPI.swift in Sources */,
				FDF036C229179913000D3F87 /* ContentView.swift in Sources */,
				FD606356292F9AA4006A26FF /* NavigationSplitAPI.swift in Sources */,
				FDF036C029179913000D3F87 /* SwiftUI_4_AccessoryApp.swift in Sources */,
				FD606359292FA307006A26FF /* BottomSheetAPI.swift in Sources */,
			);
			runOnlyForDeploymentPostprocessing = 0;
		};
/* End PBXSourcesBuildPhase section */

/* Begin XCBuildConfiguration section */
		FDF036C829179917000D3F87 /* Debug */ = {
			isa = XCBuildConfiguration;
			buildSettings = {
				ALWAYS_SEARCH_USER_PATHS = NO;
				CLANG_ANALYZER_NONNULL = YES;
				CLANG_ANALYZER_NUMBER_OBJECT_CONVERSION = YES_AGGRESSIVE;
				CLANG_CXX_LANGUAGE_STANDARD = "gnu++20";
				CLANG_ENABLE_MODULES = YES;
				CLANG_ENABLE_OBJC_ARC = YES;
				CLANG_ENABLE_OBJC_WEAK = YES;
				CLANG_WARN_BLOCK_CAPTURE_AUTORELEASING = YES;
				CLANG_WARN_BOOL_CONVERSION = YES;
				CLANG_WARN_COMMA = YES;
				CLANG_WARN_CONSTANT_CONVERSION = YES;
				CLANG_WARN_DEPRECATED_OBJC_IMPLEMENTATIONS = YES;
				CLANG_WARN_DIRECT_OBJC_ISA_USAGE = YES_ERROR;
				CLANG_WARN_DOCUMENTATION_COMMENTS = YES;
				CLANG_WARN_EMPTY_BODY = YES;
				CLANG_WARN_ENUM_CONVERSION = YES;
				CLANG_WARN_INFINITE_RECURSION = YES;
				CLANG_WARN_INT_CONVERSION = YES;
				CLANG_WARN_NON_LITERAL_NULL_CONVERSION = YES;
				CLANG_WARN_OBJC_IMPLICIT_RETAIN_SELF = YES;
				CLANG_WARN_OBJC_LITERAL_CONVERSION = YES;
				CLANG_WARN_OBJC_ROOT_CLASS = YES_ERROR;
				CLANG_WARN_QUOTED_INCLUDE_IN_FRAMEWORK_HEADER = YES;
				CLANG_WARN_RANGE_LOOP_ANALYSIS = YES;
				CLANG_WARN_STRICT_PROTOTYPES = YES;
				CLANG_WARN_SUSPICIOUS_MOVE = YES;
				CLANG_WARN_UNGUARDED_AVAILABILITY = YES_AGGRESSIVE;
				CLANG_WARN_UNREACHABLE_CODE = YES;
				CLANG_WARN__DUPLICATE_METHOD_MATCH = YES;
				COPY_PHASE_STRIP = NO;
				DEBUG_INFORMATION_FORMAT = dwarf;
				ENABLE_STRICT_OBJC_MSGSEND = YES;
				ENABLE_TESTABILITY = YES;
				GCC_C_LANGUAGE_STANDARD = gnu11;
				GCC_DYNAMIC_NO_PIC = NO;
				GCC_NO_COMMON_BLOCKS = YES;
				GCC_OPTIMIZATION_LEVEL = 0;
				GCC_PREPROCESSOR_DEFINITIONS = (
					"DEBUG=1",
					"$(inherited)",
				);
				GCC_WARN_64_TO_32_BIT_CONVERSION = YES;
				GCC_WARN_ABOUT_RETURN_TYPE = YES_ERROR;
				GCC_WARN_UNDECLARED_SELECTOR = YES;
				GCC_WARN_UNINITIALIZED_AUTOS = YES_AGGRESSIVE;
				GCC_WARN_UNUSED_FUNCTION = YES;
				GCC_WARN_UNUSED_VARIABLE = YES;
				IPHONEOS_DEPLOYMENT_TARGET = 16.0;
				MTL_ENABLE_DEBUG_INFO = INCLUDE_SOURCE;
				MTL_FAST_MATH = YES;
				ONLY_ACTIVE_ARCH = YES;
				SDKROOT = iphoneos;
				SWIFT_ACTIVE_COMPILATION_CONDITIONS = DEBUG;
				SWIFT_OPTIMIZATION_LEVEL = "-Onone";
			};
			name = Debug;
		};
		FDF036C929179917000D3F87 /* Release */ = {
			isa = XCBuildConfiguration;
			buildSettings = {
				ALWAYS_SEARCH_USER_PATHS = NO;
				CLANG_ANALYZER_NONNULL = YES;
				CLANG_ANALYZER_NUMBER_OBJECT_CONVERSION = YES_AGGRESSIVE;
				CLANG_CXX_LANGUAGE_STANDARD = "gnu++20";
				CLANG_ENABLE_MODULES = YES;
				CLANG_ENABLE_OBJC_ARC = YES;
				CLANG_ENABLE_OBJC_WEAK = YES;
				CLANG_WARN_BLOCK_CAPTURE_AUTORELEASING = YES;
				CLANG_WARN_BOOL_CONVERSION = YES;
				CLANG_WARN_COMMA = YES;
				CLANG_WARN_CONSTANT_CONVERSION = YES;
				CLANG_WARN_DEPRECATED_OBJC_IMPLEMENTATIONS = YES;
				CLANG_WARN_DIRECT_OBJC_ISA_USAGE = YES_ERROR;
				CLANG_WARN_DOCUMENTATION_COMMENTS = YES;
				CLANG_WARN_EMPTY_BODY = YES;
				CLANG_WARN_ENUM_CONVERSION = YES;
				CLANG_WARN_INFINITE_RECURSION = YES;
				CLANG_WARN_INT_CONVERSION = YES;
				CLANG_WARN_NON_LITERAL_NULL_CONVERSION = YES;
				CLANG_WARN_OBJC_IMPLICIT_RETAIN_SELF = YES;
				CLANG_WARN_OBJC_LITERAL_CONVERSION = YES;
				CLANG_WARN_OBJC_ROOT_CLASS = YES_ERROR;
				CLANG_WARN_QUOTED_INCLUDE_IN_FRAMEWORK_HEADER = YES;
				CLANG_WARN_RANGE_LOOP_ANALYSIS = YES;
				CLANG_WARN_STRICT_PROTOTYPES = YES;
				CLANG_WARN_SUSPICIOUS_MOVE = YES;
				CLANG_WARN_UNGUARDED_AVAILABILITY = YES_AGGRESSIVE;
				CLANG_WARN_UNREACHABLE_CODE = YES;
				CLANG_WARN__DUPLICATE_METHOD_MATCH = YES;
				COPY_PHASE_STRIP = NO;
				DEBUG_INFORMATION_FORMAT = "dwarf-with-dsym";
				ENABLE_NS_ASSERTIONS = NO;
				ENABLE_STRICT_OBJC_MSGSEND = YES;
				GCC_C_LANGUAGE_STANDARD = gnu11;
				GCC_NO_COMMON_BLOCKS = YES;
				GCC_WARN_64_TO_32_BIT_CONVERSION = YES;
				GCC_WARN_ABOUT_RETURN_TYPE = YES_ERROR;
				GCC_WARN_UNDECLARED_SELECTOR = YES;
				GCC_WARN_UNINITIALIZED_AUTOS = YES_AGGRESSIVE;
				GCC_WARN_UNUSED_FUNCTION = YES;
				GCC_WARN_UNUSED_VARIABLE = YES;
				IPHONEOS_DEPLOYMENT_TARGET = 16.0;
				MTL_ENABLE_DEBUG_INFO = NO;
				MTL_FAST_MATH = YES;
				SDKROOT = iphoneos;
				SWIFT_COMPILATION_MODE = wholemodule;
				SWIFT_OPTIMIZATION_LEVEL = "-O";
				VALIDATE_PRODUCT = YES;
			};
			name = Release;
		};
		FDF036CB29179917000D3F87 /* Debug */ = {
			isa = XCBuildConfiguration;
			buildSettings = {
				ASSETCATALOG_COMPILER_APPICON_NAME = AppIcon;
				ASSETCATALOG_COMPILER_GLOBAL_ACCENT_COLOR_NAME = AccentColor;
				CODE_SIGN_STYLE = Automatic;
				CURRENT_PROJECT_VERSION = 1;
				DEVELOPMENT_ASSET_PATHS = "\"SwiftUI_4_Accessory/Preview Content\"";
				DEVELOPMENT_TEAM = XP6V4T4UU6;
				ENABLE_PREVIEWS = YES;
				GENERATE_INFOPLIST_FILE = YES;
				INFOPLIST_KEY_UIApplicationSceneManifest_Generation = YES;
				INFOPLIST_KEY_UIApplicationSupportsIndirectInputEvents = YES;
				INFOPLIST_KEY_UILaunchScreen_Generation = YES;
				INFOPLIST_KEY_UISupportedInterfaceOrientations_iPad = "UIInterfaceOrientationPortrait UIInterfaceOrientationPortraitUpsideDown UIInterfaceOrientationLandscapeLeft UIInterfaceOrientationLandscapeRight";
				INFOPLIST_KEY_UISupportedInterfaceOrientations_iPhone = "UIInterfaceOrientationPortrait UIInterfaceOrientationLandscapeLeft UIInterfaceOrientationLandscapeRight";
				LD_RUNPATH_SEARCH_PATHS = (
					"$(inherited)",
					"@executable_path/Frameworks",
				);
				MARKETING_VERSION = 1.0;
				PRODUCT_BUNDLE_IDENTIFIER = "com.blacenova.SwiftUI-4-Accessory";
				PRODUCT_NAME = "$(TARGET_NAME)";
				SWIFT_EMIT_LOC_STRINGS = YES;
				SWIFT_VERSION = 5.0;
				TARGETED_DEVICE_FAMILY = "1,2";
			};
			name = Debug;
		};
		FDF036CC29179917000D3F87 /* Release */ = {
			isa = XCBuildConfiguration;
			buildSettings = {
				ASSETCATALOG_COMPILER_APPICON_NAME = AppIcon;
				ASSETCATALOG_COMPILER_GLOBAL_ACCENT_COLOR_NAME = AccentColor;
				CODE_SIGN_STYLE = Automatic;
				CURRENT_PROJECT_VERSION = 1;
				DEVELOPMENT_ASSET_PATHS = "\"SwiftUI_4_Accessory/Preview Content\"";
				DEVELOPMENT_TEAM = XP6V4T4UU6;
				ENABLE_PREVIEWS = YES;
				GENERATE_INFOPLIST_FILE = YES;
				INFOPLIST_KEY_UIApplicationSceneManifest_Generation = YES;
				INFOPLIST_KEY_UIApplicationSupportsIndirectInputEvents = YES;
				INFOPLIST_KEY_UILaunchScreen_Generation = YES;
				INFOPLIST_KEY_UISupportedInterfaceOrientations_iPad = "UIInterfaceOrientationPortrait UIInterfaceOrientationPortraitUpsideDown UIInterfaceOrientationLandscapeLeft UIInterfaceOrientationLandscapeRight";
				INFOPLIST_KEY_UISupportedInterfaceOrientations_iPhone = "UIInterfaceOrientationPortrait UIInterfaceOrientationLandscapeLeft UIInterfaceOrientationLandscapeRight";
				LD_RUNPATH_SEARCH_PATHS = (
					"$(inherited)",
					"@executable_path/Frameworks",
				);
				MARKETING_VERSION = 1.0;
				PRODUCT_BUNDLE_IDENTIFIER = "com.blacenova.SwiftUI-4-Accessory";
				PRODUCT_NAME = "$(TARGET_NAME)";
				SWIFT_EMIT_LOC_STRINGS = YES;
				SWIFT_VERSION = 5.0;
				TARGETED_DEVICE_FAMILY = "1,2";
			};
			name = Release;
		};
/* End XCBuildConfiguration section */

/* Begin XCConfigurationList section */
		FDF036B729179913000D3F87 /* Build configuration list for PBXProject "SwiftUI_4_Accessory" */ = {
			isa = XCConfigurationList;
			buildConfigurations = (
				FDF036C829179917000D3F87 /* Debug */,
				FDF036C929179917000D3F87 /* Release */,
			);
			defaultConfigurationIsVisible = 0;
			defaultConfigurationName = Release;
		};
		FDF036CA29179917000D3F87 /* Build configuration list for PBXNativeTarget "SwiftUI_4_Accessory" */ = {
			isa = XCConfigurationList;
			buildConfigurations = (
				FDF036CB29179917000D3F87 /* Debug */,
				FDF036CC29179917000D3F87 /* Release */,
			);
			defaultConfigurationIsVisible = 0;
			defaultConfigurationName = Release;
		};
/* End XCConfigurationList section */
	};
	rootObject = FDF036B429179913000D3F87 /* Project object */;
}
