// !$*UTF8*$!
{
	archiveVersion = 1;
	classes = {
	};
	objectVersion = 56;
	objects = {

/* Begin PBXBuildFile section */
		FD03D59C297AB0E2005184D5 /* DropDownPicker.swift in Sources */ = {isa = PBXBuildFile; fileRef = FD03D59B297AB0E2005184D5 /* DropDownPicker.swift */; };
		FD03D5A0297AC0AE005184D5 /* AutoOTPTextField.swift in Sources */ = {isa = PBXBuildFile; fileRef = FD03D59F297AC0AE005184D5 /* AutoOTPTextField.swift */; };
		FD045C3C29AE4FE2006E04B4 /* AsyncLetBootcamp.swift in Sources */ = {isa = PBXBuildFile; fileRef = FD045C3B29AE4FE2006E04B4 /* AsyncLetBootcamp.swift */; };
		FD12388E294DD947009B5672 /* NavigationStackSeanAllen.swift in Sources */ = {isa = PBXBuildFile; fileRef = FD12388D294DD947009B5672 /* NavigationStackSeanAllen.swift */; };
		FD123891294DEC48009B5672 /* Closures.swift in Sources */ = {isa = PBXBuildFile; fileRef = FD123890294DEC48009B5672 /* Closures.swift */; };
		FD123894294DF9C0009B5672 /* DelegtesProtocol.swift in Sources */ = {isa = PBXBuildFile; fileRef = FD123893294DF9C0009B5672 /* DelegtesProtocol.swift */; };
		FD14E38F29800A2F00F73224 /* NativePopover.swift in Sources */ = {isa = PBXBuildFile; fileRef = FD14E38E29800A2F00F73224 /* NativePopover.swift */; };
		FD354EA22943236100B3BD6E /* KavsoftViewsChart.swift in Sources */ = {isa = PBXBuildFile; fileRef = FD354EA12943236100B3BD6E /* KavsoftViewsChart.swift */; };
		FD354EA72943243000B3BD6E /* SiteView.swift in Sources */ = {isa = PBXBuildFile; fileRef = FD354EA62943243000B3BD6E /* SiteView.swift */; };
		FD391D932983CE97003CCE6E /* Actions.swift in Sources */ = {isa = PBXBuildFile; fileRef = FD391D922983CE97003CCE6E /* Actions.swift */; };
		FD391D952983CED9003CCE6E /* Products.swift in Sources */ = {isa = PBXBuildFile; fileRef = FD391D942983CED9003CCE6E /* Products.swift */; };
		FD391D972983CF1C003CCE6E /* Index_action.swift in Sources */ = {isa = PBXBuildFile; fileRef = FD391D962983CF1C003CCE6E /* Index_action.swift */; };
		FD391D9A2983D015003CCE6E /* ReduxStates.swift in Sources */ = {isa = PBXBuildFile; fileRef = FD391D992983D015003CCE6E /* ReduxStates.swift */; };
		FD391D9C2983D024003CCE6E /* Index_reduxState.swift in Sources */ = {isa = PBXBuildFile; fileRef = FD391D9B2983D024003CCE6E /* Index_reduxState.swift */; };
		FD391D9E2983D116003CCE6E /* ProductsReducer.swift in Sources */ = {isa = PBXBuildFile; fileRef = FD391D9D2983D116003CCE6E /* ProductsReducer.swift */; };
		FD391DA02983D120003CCE6E /* RootReducer.swift in Sources */ = {isa = PBXBuildFile; fileRef = FD391D9F2983D120003CCE6E /* RootReducer.swift */; };
		FD391DA22983D502003CCE6E /* ProductsMiddleware.swift in Sources */ = {isa = PBXBuildFile; fileRef = FD391DA12983D502003CCE6E /* ProductsMiddleware.swift */; };
		FD391DA72983D6A8003CCE6E /* WebServices.swift in Sources */ = {isa = PBXBuildFile; fileRef = FD391DA62983D6A8003CCE6E /* WebServices.swift */; };
		FD391DA92983D787003CCE6E /* Stores.swift in Sources */ = {isa = PBXBuildFile; fileRef = FD391DA82983D787003CCE6E /* Stores.swift */; };
		FD391DAB2983D7DD003CCE6E /* Index_store.swift in Sources */ = {isa = PBXBuildFile; fileRef = FD391DAA2983D7DD003CCE6E /* Index_store.swift */; };
		FD391DAD2983D93D003CCE6E /* ReduxView.swift in Sources */ = {isa = PBXBuildFile; fileRef = FD391DAC2983D93D003CCE6E /* ReduxView.swift */; };
		FD391DB729841235003CCE6E /* Reel4.MP4 in Resources */ = {isa = PBXBuildFile; fileRef = FD391DB029841233003CCE6E /* Reel4.MP4 */; };
		FD391DB829841235003CCE6E /* Reel6.MP4 in Resources */ = {isa = PBXBuildFile; fileRef = FD391DB129841233003CCE6E /* Reel6.MP4 */; };
		FD391DB929841235003CCE6E /* Reel5.MP4 in Resources */ = {isa = PBXBuildFile; fileRef = FD391DB229841233003CCE6E /* Reel5.MP4 */; };
		FD391DBA29841235003CCE6E /* Reel7.MP4 in Resources */ = {isa = PBXBuildFile; fileRef = FD391DB329841234003CCE6E /* Reel7.MP4 */; };
		FD391DBB29841235003CCE6E /* Reel2.MP4 in Resources */ = {isa = PBXBuildFile; fileRef = FD391DB429841234003CCE6E /* Reel2.MP4 */; };
		FD391DBC29841235003CCE6E /* Reel1.MP4 in Resources */ = {isa = PBXBuildFile; fileRef = FD391DB529841234003CCE6E /* Reel1.MP4 */; };
		FD391DBD29841235003CCE6E /* Reel3.MP4 in Resources */ = {isa = PBXBuildFile; fileRef = FD391DB629841235003CCE6E /* Reel3.MP4 */; };
		FD391DC129841281003CCE6E /* VideoFile.swift in Sources */ = {isa = PBXBuildFile; fileRef = FD391DC029841281003CCE6E /* VideoFile.swift */; };
		FD391DC32984149A003CCE6E /* SharedTransitionMatchedGeometryEffectView.swift in Sources */ = {isa = PBXBuildFile; fileRef = FD391DC22984149A003CCE6E /* SharedTransitionMatchedGeometryEffectView.swift */; };
		FD3BB4AB299E4AE10016232E /* DogView.swift in Sources */ = {isa = PBXBuildFile; fileRef = FD3BB4AA299E4AE10016232E /* DogView.swift */; };
		FD3BB4AD299E4AEF0016232E /* Dog.swift in Sources */ = {isa = PBXBuildFile; fileRef = FD3BB4AC299E4AEF0016232E /* Dog.swift */; };
		FD3BB4AF299E4AFE0016232E /* DogViewModel.swift in Sources */ = {isa = PBXBuildFile; fileRef = FD3BB4AE299E4AFE0016232E /* DogViewModel.swift */; };
		FD3E7619293CAA340024CC49 /* ForLoopsTips.swift in Sources */ = {isa = PBXBuildFile; fileRef = FD3E7618293CAA340024CC49 /* ForLoopsTips.swift */; };
		FD428B562979647D00A19CFC /* ImageCroppingTool.swift in Sources */ = {isa = PBXBuildFile; fileRef = FD428B552979647D00A19CFC /* ImageCroppingTool.swift */; };
		FD428B582979649C00A19CFC /* Crop.swift in Sources */ = {isa = PBXBuildFile; fileRef = FD428B572979649C00A19CFC /* Crop.swift */; };
		FD428B5A297969EF00A19CFC /* CustomImagePicker.swift in Sources */ = {isa = PBXBuildFile; fileRef = FD428B59297969EE00A19CFC /* CustomImagePicker.swift */; };
		FD4F783F298515F900A7AC7F /* TableUser.swift in Sources */ = {isa = PBXBuildFile; fileRef = FD4F783E298515F900A7AC7F /* TableUser.swift */; };
		FD4F7841298516DE00A7AC7F /* TableView.swift in Sources */ = {isa = PBXBuildFile; fileRef = FD4F7840298516DE00A7AC7F /* TableView.swift */; };
		FD4F784529852EFC00A7AC7F /* City.swift in Sources */ = {isa = PBXBuildFile; fileRef = FD4F784429852EFC00A7AC7F /* City.swift */; };
		FD4F784829852FE100A7AC7F /* CountryTableView.swift in Sources */ = {isa = PBXBuildFile; fileRef = FD4F784729852FE100A7AC7F /* CountryTableView.swift */; };
		FD4F784A29852FF000A7AC7F /* CountrySplitView.swift in Sources */ = {isa = PBXBuildFile; fileRef = FD4F784929852FF000A7AC7F /* CountrySplitView.swift */; };
		FD4F784C29852FFC00A7AC7F /* StartView.swift in Sources */ = {isa = PBXBuildFile; fileRef = FD4F784B29852FFC00A7AC7F /* StartView.swift */; };
		FD4F784F2985311200A7AC7F /* CityView.swift in Sources */ = {isa = PBXBuildFile; fileRef = FD4F784E2985311200A7AC7F /* CityView.swift */; };
		FD570F112947575200072769 /* Particle.swift in Sources */ = {isa = PBXBuildFile; fileRef = FD570F102947575200072769 /* Particle.swift */; };
		FD570F132947583300072769 /* ParticleSystem.swift in Sources */ = {isa = PBXBuildFile; fileRef = FD570F122947583300072769 /* ParticleSystem.swift */; };
		FD570F1529475A9100072769 /* SpecialEffects.swift in Sources */ = {isa = PBXBuildFile; fileRef = FD570F1429475A9100072769 /* SpecialEffects.swift */; };
		FD570F1729476D7500072769 /* MotionManager.swift in Sources */ = {isa = PBXBuildFile; fileRef = FD570F1629476D7500072769 /* MotionManager.swift */; };
		FD606354292F95E3006A26FF /* NavigationStackAPI.swift in Sources */ = {isa = PBXBuildFile; fileRef = FD606353292F95E3006A26FF /* NavigationStackAPI.swift */; };
		FD606356292F9AA4006A26FF /* NavigationSplitAPI.swift in Sources */ = {isa = PBXBuildFile; fileRef = FD606355292F9AA4006A26FF /* NavigationSplitAPI.swift */; };
		FD606359292FA307006A26FF /* BottomSheetAPI.swift in Sources */ = {isa = PBXBuildFile; fileRef = FD606358292FA307006A26FF /* BottomSheetAPI.swift */; };
		FD60635C292FA761006A26FF /* GridAPI.swift in Sources */ = {isa = PBXBuildFile; fileRef = FD60635B292FA761006A26FF /* GridAPI.swift */; };
		FD60635F292FAE45006A26FF /* TapGestureLocation.swift in Sources */ = {isa = PBXBuildFile; fileRef = FD60635E292FAE45006A26FF /* TapGestureLocation.swift */; };
		FD606362292FAF5D006A26FF /* ShareLinkAPI.swift in Sources */ = {isa = PBXBuildFile; fileRef = FD606361292FAF5D006A26FF /* ShareLinkAPI.swift */; };
		FD62CF34293A23C300C4ED1E /* MultiDatePickers.swift in Sources */ = {isa = PBXBuildFile; fileRef = FD62CF33293A23C300C4ED1E /* MultiDatePickers.swift */; };
		FD62CF37293B700D00C4ED1E /* Searches.swift in Sources */ = {isa = PBXBuildFile; fileRef = FD62CF36293B700D00C4ED1E /* Searches.swift */; };
		FD62CF3A293B780400C4ED1E /* Gradients.swift in Sources */ = {isa = PBXBuildFile; fileRef = FD62CF39293B780400C4ED1E /* Gradients.swift */; };
		FD62CF3C293B78EE00C4ED1E /* Shadows.swift in Sources */ = {isa = PBXBuildFile; fileRef = FD62CF3B293B78EE00C4ED1E /* Shadows.swift */; };
		FD62CF3F293B7A9B00C4ED1E /* AnyLayoutAPI.swift in Sources */ = {isa = PBXBuildFile; fileRef = FD62CF3E293B7A9B00C4ED1E /* AnyLayoutAPI.swift */; };
		FD62CF41293B7C3C00C4ED1E /* AnyLayoutAPI2.swift in Sources */ = {isa = PBXBuildFile; fileRef = FD62CF40293B7C3C00C4ED1E /* AnyLayoutAPI2.swift */; };
		FD62CF44293B7D9200C4ED1E /* StoreKitReviewAPI.swift in Sources */ = {isa = PBXBuildFile; fileRef = FD62CF43293B7D9200C4ED1E /* StoreKitReviewAPI.swift */; };
		FD62CF47293B86CE00C4ED1E /* SFSymbols.swift in Sources */ = {isa = PBXBuildFile; fileRef = FD62CF46293B86CE00C4ED1E /* SFSymbols.swift */; };
		FD62CF4A293B886A00C4ED1E /* Texts.swift in Sources */ = {isa = PBXBuildFile; fileRef = FD62CF49293B886A00C4ED1E /* Texts.swift */; };
		FD62CF4C293B8BEE00C4ED1E /* ToggleAtOnce.swift in Sources */ = {isa = PBXBuildFile; fileRef = FD62CF4B293B8BEE00C4ED1E /* ToggleAtOnce.swift */; };
		FD7C763D299E5053000AA1AA /* Log.swift in Sources */ = {isa = PBXBuildFile; fileRef = FD7C763B299E5053000AA1AA /* Log.swift */; };
		FD7C763E299E5053000AA1AA /* DispatchQueue+Extension.swift in Sources */ = {isa = PBXBuildFile; fileRef = FD7C763C299E5053000AA1AA /* DispatchQueue+Extension.swift */; };
		FD7E12BD298123190006C330 /* ContainerPatternView.swift in Sources */ = {isa = PBXBuildFile; fileRef = FD7E12BC298123190006C330 /* ContainerPatternView.swift */; };
		FD9E951E29841B69009B2537 /* CardView.swift in Sources */ = {isa = PBXBuildFile; fileRef = FD9E951D29841B69009B2537 /* CardView.swift */; };
		FD9E952029841F0B009B2537 /* CustomVideoPlayer.swift in Sources */ = {isa = PBXBuildFile; fileRef = FD9E951F29841F0B009B2537 /* CustomVideoPlayer.swift */; };
		FDA048C629AF4E1E00A851B8 /* TaskGroupBootcamp.swift in Sources */ = {isa = PBXBuildFile; fileRef = FDA048C529AF4E1E00A851B8 /* TaskGroupBootcamp.swift */; };
		FDA1F52629781D0F00C3C137 /* MorphingView.swift in Sources */ = {isa = PBXBuildFile; fileRef = FDA1F52529781D0F00C3C137 /* MorphingView.swift */; };
		FDA1F52929781E3800C3C137 /* CustomShape.swift in Sources */ = {isa = PBXBuildFile; fileRef = FDA1F52829781E3800C3C137 /* CustomShape.swift */; };
		FDA4CFDA2980281400360E8B /* Webservice.swift in Sources */ = {isa = PBXBuildFile; fileRef = FDA4CFD92980281400360E8B /* Webservice.swift */; };
		FDA4CFDC2980290D00360E8B /* Product.swift in Sources */ = {isa = PBXBuildFile; fileRef = FDA4CFDB2980290D00360E8B /* Product.swift */; };
		FDA4CFDF2980296700360E8B /* MVVMView.swift in Sources */ = {isa = PBXBuildFile; fileRef = FDA4CFDE2980296700360E8B /* MVVMView.swift */; };
		FDA4CFE2298029A400360E8B /* ProductListViewModel.swift in Sources */ = {isa = PBXBuildFile; fileRef = FDA4CFE1298029A400360E8B /* ProductListViewModel.swift */; };
		FDA4CFE629802E2400360E8B /* ModelViewViews.swift in Sources */ = {isa = PBXBuildFile; fileRef = FDA4CFE529802E2400360E8B /* ModelViewViews.swift */; };
		FDADB09F2977F8D600FB9CE4 /* Expense.swift in Sources */ = {isa = PBXBuildFile; fileRef = FDADB09E2977F8D600FB9CE4 /* Expense.swift */; };
		FDADB0A12977FA7E00FB9CE4 /* CollapsibleHeaderMenu.swift in Sources */ = {isa = PBXBuildFile; fileRef = FDADB0A02977FA7E00FB9CE4 /* CollapsibleHeaderMenu.swift */; };
		FDC0CCA029ACDCEE00615397 /* DoTryCatchThrows.swift in Sources */ = {isa = PBXBuildFile; fileRef = FDC0CC9F29ACDCEE00615397 /* DoTryCatchThrows.swift */; };
		FDC2EB28293E2F7900086E71 /* Regexs.swift in Sources */ = {isa = PBXBuildFile; fileRef = FDC2EB27293E2F7900086E71 /* Regexs.swift */; };
		FDD1BDB92987B5F900D614DE /* FileImporter.swift in Sources */ = {isa = PBXBuildFile; fileRef = FDD1BDB82987B5F900D614DE /* FileImporter.swift */; };
		FDD1BDBC2987BC9800D614DE /* FileExporter.swift in Sources */ = {isa = PBXBuildFile; fileRef = FDD1BDBB2987BC9800D614DE /* FileExporter.swift */; };
		FDD1BDBE2987CA3800D614DE /* AppReviews.swift in Sources */ = {isa = PBXBuildFile; fileRef = FDD1BDBD2987CA3800D614DE /* AppReviews.swift */; };
		FDD2E0D129A23E2500FF0367 /* MemoryManagement.swift in Sources */ = {isa = PBXBuildFile; fileRef = FDD2E0D029A23E2400FF0367 /* MemoryManagement.swift */; };
		FDE34C4F2940BC970083C126 /* YoutubeViewChart.swift in Sources */ = {isa = PBXBuildFile; fileRef = FDE34C4E2940BC970083C126 /* YoutubeViewChart.swift */; };
		FDEE9B0529ADEE00008E9E5D /* AsyncAwait.swift in Sources */ = {isa = PBXBuildFile; fileRef = FDEE9B0429ADEE00008E9E5D /* AsyncAwait.swift */; };
		FDEE9B0729AE0AE0008E9E5D /* AsyncAwaitBootcamp.swift in Sources */ = {isa = PBXBuildFile; fileRef = FDEE9B0629AE0AE0008E9E5D /* AsyncAwaitBootcamp.swift */; };
		FDEE9B0A29AE164E008E9E5D /* TaskAndDottask.swift in Sources */ = {isa = PBXBuildFile; fileRef = FDEE9B0929AE164E008E9E5D /* TaskAndDottask.swift */; };
		FDF036C029179913000D3F87 /* SwiftUI_4_AccessoryApp.swift in Sources */ = {isa = PBXBuildFile; fileRef = FDF036BF29179913000D3F87 /* SwiftUI_4_AccessoryApp.swift */; };
		FDF036C229179913000D3F87 /* ContentView.swift in Sources */ = {isa = PBXBuildFile; fileRef = FDF036C129179913000D3F87 /* ContentView.swift */; };
		FDF036C429179917000D3F87 /* Assets.xcassets in Resources */ = {isa = PBXBuildFile; fileRef = FDF036C329179917000D3F87 /* Assets.xcassets */; };
		FDF036C729179917000D3F87 /* Preview Assets.xcassets in Resources */ = {isa = PBXBuildFile; fileRef = FDF036C629179917000D3F87 /* Preview Assets.xcassets */; };
		FDF036CF29179B34000D3F87 /* NewLayoutAPI.swift in Sources */ = {isa = PBXBuildFile; fileRef = FDF036CE29179B34000D3F87 /* NewLayoutAPI.swift */; };
/* End PBXBuildFile section */

/* Begin PBXCopyFilesBuildPhase section */
		FD3E763B293CB1930024CC49 /* Embed Foundation Extensions */ = {
			isa = PBXCopyFilesBuildPhase;
			buildActionMask = 2147483647;
			dstPath = "";
			dstSubfolderSpec = 13;
			files = (
			);
			name = "Embed Foundation Extensions";
			runOnlyForDeploymentPostprocessing = 0;
		};
/* End PBXCopyFilesBuildPhase section */

/* Begin PBXFileReference section */
		FD03D59B297AB0E2005184D5 /* DropDownPicker.swift */ = {isa = PBXFileReference; lastKnownFileType = sourcecode.swift; path = DropDownPicker.swift; sourceTree = "<group>"; };
		FD03D59F297AC0AE005184D5 /* AutoOTPTextField.swift */ = {isa = PBXFileReference; lastKnownFileType = sourcecode.swift; path = AutoOTPTextField.swift; sourceTree = "<group>"; };
		FD045C3B29AE4FE2006E04B4 /* AsyncLetBootcamp.swift */ = {isa = PBXFileReference; lastKnownFileType = sourcecode.swift; path = AsyncLetBootcamp.swift; sourceTree = "<group>"; };
		FD12388D294DD947009B5672 /* NavigationStackSeanAllen.swift */ = {isa = PBXFileReference; lastKnownFileType = sourcecode.swift; path = NavigationStackSeanAllen.swift; sourceTree = "<group>"; };
		FD123890294DEC48009B5672 /* Closures.swift */ = {isa = PBXFileReference; lastKnownFileType = sourcecode.swift; path = Closures.swift; sourceTree = "<group>"; };
		FD123893294DF9C0009B5672 /* DelegtesProtocol.swift */ = {isa = PBXFileReference; lastKnownFileType = sourcecode.swift; path = DelegtesProtocol.swift; sourceTree = "<group>"; };
		FD14E38E29800A2F00F73224 /* NativePopover.swift */ = {isa = PBXFileReference; lastKnownFileType = sourcecode.swift; path = NativePopover.swift; sourceTree = "<group>"; };
		FD354EA12943236100B3BD6E /* KavsoftViewsChart.swift */ = {isa = PBXFileReference; lastKnownFileType = sourcecode.swift; path = KavsoftViewsChart.swift; sourceTree = "<group>"; };
		FD354EA62943243000B3BD6E /* SiteView.swift */ = {isa = PBXFileReference; lastKnownFileType = sourcecode.swift; path = SiteView.swift; sourceTree = "<group>"; };
		FD391D922983CE97003CCE6E /* Actions.swift */ = {isa = PBXFileReference; lastKnownFileType = sourcecode.swift; path = Actions.swift; sourceTree = "<group>"; };
		FD391D942983CED9003CCE6E /* Products.swift */ = {isa = PBXFileReference; lastKnownFileType = sourcecode.swift; path = Products.swift; sourceTree = "<group>"; };
		FD391D962983CF1C003CCE6E /* Index_action.swift */ = {isa = PBXFileReference; lastKnownFileType = sourcecode.swift; path = Index_action.swift; sourceTree = "<group>"; };
		FD391D992983D015003CCE6E /* ReduxStates.swift */ = {isa = PBXFileReference; lastKnownFileType = sourcecode.swift; path = ReduxStates.swift; sourceTree = "<group>"; };
		FD391D9B2983D024003CCE6E /* Index_reduxState.swift */ = {isa = PBXFileReference; lastKnownFileType = sourcecode.swift; path = Index_reduxState.swift; sourceTree = "<group>"; };
		FD391D9D2983D116003CCE6E /* ProductsReducer.swift */ = {isa = PBXFileReference; lastKnownFileType = sourcecode.swift; path = ProductsReducer.swift; sourceTree = "<group>"; };
		FD391D9F2983D120003CCE6E /* RootReducer.swift */ = {isa = PBXFileReference; lastKnownFileType = sourcecode.swift; path = RootReducer.swift; sourceTree = "<group>"; };
		FD391DA12983D502003CCE6E /* ProductsMiddleware.swift */ = {isa = PBXFileReference; lastKnownFileType = sourcecode.swift; path = ProductsMiddleware.swift; sourceTree = "<group>"; };
		FD391DA62983D6A8003CCE6E /* WebServices.swift */ = {isa = PBXFileReference; lastKnownFileType = sourcecode.swift; path = WebServices.swift; sourceTree = "<group>"; };
		FD391DA82983D787003CCE6E /* Stores.swift */ = {isa = PBXFileReference; lastKnownFileType = sourcecode.swift; path = Stores.swift; sourceTree = "<group>"; };
		FD391DAA2983D7DD003CCE6E /* Index_store.swift */ = {isa = PBXFileReference; lastKnownFileType = sourcecode.swift; path = Index_store.swift; sourceTree = "<group>"; };
		FD391DAC2983D93D003CCE6E /* ReduxView.swift */ = {isa = PBXFileReference; lastKnownFileType = sourcecode.swift; path = ReduxView.swift; sourceTree = "<group>"; };
		FD391DB029841233003CCE6E /* Reel4.MP4 */ = {isa = PBXFileReference; lastKnownFileType = file; path = Reel4.MP4; sourceTree = "<group>"; };
		FD391DB129841233003CCE6E /* Reel6.MP4 */ = {isa = PBXFileReference; lastKnownFileType = file; path = Reel6.MP4; sourceTree = "<group>"; };
		FD391DB229841233003CCE6E /* Reel5.MP4 */ = {isa = PBXFileReference; lastKnownFileType = file; path = Reel5.MP4; sourceTree = "<group>"; };
		FD391DB329841234003CCE6E /* Reel7.MP4 */ = {isa = PBXFileReference; lastKnownFileType = file; path = Reel7.MP4; sourceTree = "<group>"; };
		FD391DB429841234003CCE6E /* Reel2.MP4 */ = {isa = PBXFileReference; lastKnownFileType = file; path = Reel2.MP4; sourceTree = "<group>"; };
		FD391DB529841234003CCE6E /* Reel1.MP4 */ = {isa = PBXFileReference; lastKnownFileType = file; path = Reel1.MP4; sourceTree = "<group>"; };
		FD391DB629841235003CCE6E /* Reel3.MP4 */ = {isa = PBXFileReference; lastKnownFileType = file; path = Reel3.MP4; sourceTree = "<group>"; };
		FD391DC029841281003CCE6E /* VideoFile.swift */ = {isa = PBXFileReference; lastKnownFileType = sourcecode.swift; path = VideoFile.swift; sourceTree = "<group>"; };
		FD391DC22984149A003CCE6E /* SharedTransitionMatchedGeometryEffectView.swift */ = {isa = PBXFileReference; lastKnownFileType = sourcecode.swift; path = SharedTransitionMatchedGeometryEffectView.swift; sourceTree = "<group>"; };
		FD3BB4AA299E4AE10016232E /* DogView.swift */ = {isa = PBXFileReference; lastKnownFileType = sourcecode.swift; path = DogView.swift; sourceTree = "<group>"; };
		FD3BB4AC299E4AEF0016232E /* Dog.swift */ = {isa = PBXFileReference; lastKnownFileType = sourcecode.swift; path = Dog.swift; sourceTree = "<group>"; };
		FD3BB4AE299E4AFE0016232E /* DogViewModel.swift */ = {isa = PBXFileReference; lastKnownFileType = sourcecode.swift; path = DogViewModel.swift; sourceTree = "<group>"; };
		FD3E7618293CAA340024CC49 /* ForLoopsTips.swift */ = {isa = PBXFileReference; lastKnownFileType = sourcecode.swift; path = ForLoopsTips.swift; sourceTree = "<group>"; };
		FD3E7624293CB1900024CC49 /* WidgetKit.framework */ = {isa = PBXFileReference; lastKnownFileType = wrapper.framework; name = WidgetKit.framework; path = System/Library/Frameworks/WidgetKit.framework; sourceTree = SDKROOT; };
		FD3E7626293CB1900024CC49 /* SwiftUI.framework */ = {isa = PBXFileReference; lastKnownFileType = wrapper.framework; name = SwiftUI.framework; path = System/Library/Frameworks/SwiftUI.framework; sourceTree = SDKROOT; };
		FD428B552979647D00A19CFC /* ImageCroppingTool.swift */ = {isa = PBXFileReference; lastKnownFileType = sourcecode.swift; path = ImageCroppingTool.swift; sourceTree = "<group>"; };
		FD428B572979649C00A19CFC /* Crop.swift */ = {isa = PBXFileReference; lastKnownFileType = sourcecode.swift; path = Crop.swift; sourceTree = "<group>"; };
		FD428B59297969EE00A19CFC /* CustomImagePicker.swift */ = {isa = PBXFileReference; lastKnownFileType = sourcecode.swift; path = CustomImagePicker.swift; sourceTree = "<group>"; };
		FD4F783E298515F900A7AC7F /* TableUser.swift */ = {isa = PBXFileReference; lastKnownFileType = sourcecode.swift; path = TableUser.swift; sourceTree = "<group>"; };
		FD4F7840298516DE00A7AC7F /* TableView.swift */ = {isa = PBXFileReference; lastKnownFileType = sourcecode.swift; path = TableView.swift; sourceTree = "<group>"; };
		FD4F784429852EFC00A7AC7F /* City.swift */ = {isa = PBXFileReference; lastKnownFileType = sourcecode.swift; path = City.swift; sourceTree = "<group>"; };
		FD4F784729852FE100A7AC7F /* CountryTableView.swift */ = {isa = PBXFileReference; lastKnownFileType = sourcecode.swift; path = CountryTableView.swift; sourceTree = "<group>"; };
		FD4F784929852FF000A7AC7F /* CountrySplitView.swift */ = {isa = PBXFileReference; lastKnownFileType = sourcecode.swift; path = CountrySplitView.swift; sourceTree = "<group>"; };
		FD4F784B29852FFC00A7AC7F /* StartView.swift */ = {isa = PBXFileReference; lastKnownFileType = sourcecode.swift; path = StartView.swift; sourceTree = "<group>"; };
		FD4F784E2985311200A7AC7F /* CityView.swift */ = {isa = PBXFileReference; lastKnownFileType = sourcecode.swift; path = CityView.swift; sourceTree = "<group>"; };
		FD570F102947575200072769 /* Particle.swift */ = {isa = PBXFileReference; lastKnownFileType = sourcecode.swift; path = Particle.swift; sourceTree = "<group>"; };
		FD570F122947583300072769 /* ParticleSystem.swift */ = {isa = PBXFileReference; lastKnownFileType = sourcecode.swift; path = ParticleSystem.swift; sourceTree = "<group>"; };
		FD570F1429475A9100072769 /* SpecialEffects.swift */ = {isa = PBXFileReference; lastKnownFileType = sourcecode.swift; path = SpecialEffects.swift; sourceTree = "<group>"; };
		FD570F1629476D7500072769 /* MotionManager.swift */ = {isa = PBXFileReference; lastKnownFileType = sourcecode.swift; path = MotionManager.swift; sourceTree = "<group>"; };
		FD606353292F95E3006A26FF /* NavigationStackAPI.swift */ = {isa = PBXFileReference; lastKnownFileType = sourcecode.swift; path = NavigationStackAPI.swift; sourceTree = "<group>"; };
		FD606355292F9AA4006A26FF /* NavigationSplitAPI.swift */ = {isa = PBXFileReference; lastKnownFileType = sourcecode.swift; path = NavigationSplitAPI.swift; sourceTree = "<group>"; };
		FD606358292FA307006A26FF /* BottomSheetAPI.swift */ = {isa = PBXFileReference; lastKnownFileType = sourcecode.swift; path = BottomSheetAPI.swift; sourceTree = "<group>"; };
		FD60635B292FA761006A26FF /* GridAPI.swift */ = {isa = PBXFileReference; lastKnownFileType = sourcecode.swift; path = GridAPI.swift; sourceTree = "<group>"; };
		FD60635E292FAE45006A26FF /* TapGestureLocation.swift */ = {isa = PBXFileReference; lastKnownFileType = sourcecode.swift; path = TapGestureLocation.swift; sourceTree = "<group>"; };
		FD606361292FAF5D006A26FF /* ShareLinkAPI.swift */ = {isa = PBXFileReference; lastKnownFileType = sourcecode.swift; path = ShareLinkAPI.swift; sourceTree = "<group>"; };
		FD62CF33293A23C300C4ED1E /* MultiDatePickers.swift */ = {isa = PBXFileReference; lastKnownFileType = sourcecode.swift; path = MultiDatePickers.swift; sourceTree = "<group>"; };
		FD62CF36293B700D00C4ED1E /* Searches.swift */ = {isa = PBXFileReference; lastKnownFileType = sourcecode.swift; path = Searches.swift; sourceTree = "<group>"; };
		FD62CF39293B780400C4ED1E /* Gradients.swift */ = {isa = PBXFileReference; lastKnownFileType = sourcecode.swift; path = Gradients.swift; sourceTree = "<group>"; };
		FD62CF3B293B78EE00C4ED1E /* Shadows.swift */ = {isa = PBXFileReference; lastKnownFileType = sourcecode.swift; path = Shadows.swift; sourceTree = "<group>"; };
		FD62CF3E293B7A9B00C4ED1E /* AnyLayoutAPI.swift */ = {isa = PBXFileReference; lastKnownFileType = sourcecode.swift; path = AnyLayoutAPI.swift; sourceTree = "<group>"; };
		FD62CF40293B7C3C00C4ED1E /* AnyLayoutAPI2.swift */ = {isa = PBXFileReference; lastKnownFileType = sourcecode.swift; path = AnyLayoutAPI2.swift; sourceTree = "<group>"; };
		FD62CF43293B7D9200C4ED1E /* StoreKitReviewAPI.swift */ = {isa = PBXFileReference; lastKnownFileType = sourcecode.swift; path = StoreKitReviewAPI.swift; sourceTree = "<group>"; };
		FD62CF46293B86CE00C4ED1E /* SFSymbols.swift */ = {isa = PBXFileReference; lastKnownFileType = sourcecode.swift; path = SFSymbols.swift; sourceTree = "<group>"; };
		FD62CF49293B886A00C4ED1E /* Texts.swift */ = {isa = PBXFileReference; lastKnownFileType = sourcecode.swift; path = Texts.swift; sourceTree = "<group>"; };
		FD62CF4B293B8BEE00C4ED1E /* ToggleAtOnce.swift */ = {isa = PBXFileReference; lastKnownFileType = sourcecode.swift; path = ToggleAtOnce.swift; sourceTree = "<group>"; };
		FD7C763B299E5053000AA1AA /* Log.swift */ = {isa = PBXFileReference; fileEncoding = 4; lastKnownFileType = sourcecode.swift; path = Log.swift; sourceTree = "<group>"; };
		FD7C763C299E5053000AA1AA /* DispatchQueue+Extension.swift */ = {isa = PBXFileReference; fileEncoding = 4; lastKnownFileType = sourcecode.swift; path = "DispatchQueue+Extension.swift"; sourceTree = "<group>"; };
		FD7E12BC298123190006C330 /* ContainerPatternView.swift */ = {isa = PBXFileReference; lastKnownFileType = sourcecode.swift; path = ContainerPatternView.swift; sourceTree = "<group>"; };
		FD9E951D29841B69009B2537 /* CardView.swift */ = {isa = PBXFileReference; lastKnownFileType = sourcecode.swift; path = CardView.swift; sourceTree = "<group>"; };
		FD9E951F29841F0B009B2537 /* CustomVideoPlayer.swift */ = {isa = PBXFileReference; lastKnownFileType = sourcecode.swift; path = CustomVideoPlayer.swift; sourceTree = "<group>"; };
		FDA048C529AF4E1E00A851B8 /* TaskGroupBootcamp.swift */ = {isa = PBXFileReference; lastKnownFileType = sourcecode.swift; path = TaskGroupBootcamp.swift; sourceTree = "<group>"; };
		FDA1F52529781D0F00C3C137 /* MorphingView.swift */ = {isa = PBXFileReference; lastKnownFileType = sourcecode.swift; path = MorphingView.swift; sourceTree = "<group>"; };
		FDA1F52829781E3800C3C137 /* CustomShape.swift */ = {isa = PBXFileReference; lastKnownFileType = sourcecode.swift; path = CustomShape.swift; sourceTree = "<group>"; };
		FDA4CFD92980281400360E8B /* Webservice.swift */ = {isa = PBXFileReference; lastKnownFileType = sourcecode.swift; path = Webservice.swift; sourceTree = "<group>"; };
		FDA4CFDB2980290D00360E8B /* Product.swift */ = {isa = PBXFileReference; lastKnownFileType = sourcecode.swift; path = Product.swift; sourceTree = "<group>"; };
		FDA4CFDE2980296700360E8B /* MVVMView.swift */ = {isa = PBXFileReference; lastKnownFileType = sourcecode.swift; path = MVVMView.swift; sourceTree = "<group>"; };
		FDA4CFE1298029A400360E8B /* ProductListViewModel.swift */ = {isa = PBXFileReference; lastKnownFileType = sourcecode.swift; path = ProductListViewModel.swift; sourceTree = "<group>"; };
		FDA4CFE529802E2400360E8B /* ModelViewViews.swift */ = {isa = PBXFileReference; lastKnownFileType = sourcecode.swift; path = ModelViewViews.swift; sourceTree = "<group>"; };
		FDA7CE45297D394C00BFE046 /* SwiftUI-4-Accessory-Info.plist */ = {isa = PBXFileReference; lastKnownFileType = text.plist; path = "SwiftUI-4-Accessory-Info.plist"; sourceTree = SOURCE_ROOT; };
		FDADB09E2977F8D600FB9CE4 /* Expense.swift */ = {isa = PBXFileReference; lastKnownFileType = sourcecode.swift; path = Expense.swift; sourceTree = "<group>"; };
		FDADB0A02977FA7E00FB9CE4 /* CollapsibleHeaderMenu.swift */ = {isa = PBXFileReference; lastKnownFileType = sourcecode.swift; path = CollapsibleHeaderMenu.swift; sourceTree = "<group>"; };
		FDC0CC9F29ACDCEE00615397 /* DoTryCatchThrows.swift */ = {isa = PBXFileReference; lastKnownFileType = sourcecode.swift; path = DoTryCatchThrows.swift; sourceTree = "<group>"; };
		FDC2EB27293E2F7900086E71 /* Regexs.swift */ = {isa = PBXFileReference; lastKnownFileType = sourcecode.swift; path = Regexs.swift; sourceTree = "<group>"; };
		FDD1BDB82987B5F900D614DE /* FileImporter.swift */ = {isa = PBXFileReference; lastKnownFileType = sourcecode.swift; path = FileImporter.swift; sourceTree = "<group>"; };
		FDD1BDBB2987BC9800D614DE /* FileExporter.swift */ = {isa = PBXFileReference; lastKnownFileType = sourcecode.swift; path = FileExporter.swift; sourceTree = "<group>"; };
		FDD1BDBD2987CA3800D614DE /* AppReviews.swift */ = {isa = PBXFileReference; lastKnownFileType = sourcecode.swift; path = AppReviews.swift; sourceTree = "<group>"; };
		FDD2E0D029A23E2400FF0367 /* MemoryManagement.swift */ = {isa = PBXFileReference; lastKnownFileType = sourcecode.swift; path = MemoryManagement.swift; sourceTree = "<group>"; };
		FDE34C4E2940BC970083C126 /* YoutubeViewChart.swift */ = {isa = PBXFileReference; lastKnownFileType = sourcecode.swift; path = YoutubeViewChart.swift; sourceTree = "<group>"; };
		FDEE9B0429ADEE00008E9E5D /* AsyncAwait.swift */ = {isa = PBXFileReference; lastKnownFileType = sourcecode.swift; path = AsyncAwait.swift; sourceTree = "<group>"; };
		FDEE9B0629AE0AE0008E9E5D /* AsyncAwaitBootcamp.swift */ = {isa = PBXFileReference; lastKnownFileType = sourcecode.swift; path = AsyncAwaitBootcamp.swift; sourceTree = "<group>"; };
		FDEE9B0929AE164E008E9E5D /* TaskAndDottask.swift */ = {isa = PBXFileReference; lastKnownFileType = sourcecode.swift; path = TaskAndDottask.swift; sourceTree = "<group>"; };
		FDF036BC29179913000D3F87 /* SwiftUI_4_Accessory.app */ = {isa = PBXFileReference; explicitFileType = wrapper.application; includeInIndex = 0; path = SwiftUI_4_Accessory.app; sourceTree = BUILT_PRODUCTS_DIR; };
		FDF036BF29179913000D3F87 /* SwiftUI_4_AccessoryApp.swift */ = {isa = PBXFileReference; lastKnownFileType = sourcecode.swift; path = SwiftUI_4_AccessoryApp.swift; sourceTree = "<group>"; };
		FDF036C129179913000D3F87 /* ContentView.swift */ = {isa = PBXFileReference; lastKnownFileType = sourcecode.swift; path = ContentView.swift; sourceTree = "<group>"; };
		FDF036C329179917000D3F87 /* Assets.xcassets */ = {isa = PBXFileReference; lastKnownFileType = folder.assetcatalog; path = Assets.xcassets; sourceTree = "<group>"; };
		FDF036C629179917000D3F87 /* Preview Assets.xcassets */ = {isa = PBXFileReference; lastKnownFileType = folder.assetcatalog; path = "Preview Assets.xcassets"; sourceTree = "<group>"; };
		FDF036CE29179B34000D3F87 /* NewLayoutAPI.swift */ = {isa = PBXFileReference; lastKnownFileType = sourcecode.swift; path = NewLayoutAPI.swift; sourceTree = "<group>"; };
/* End PBXFileReference section */

/* Begin PBXFrameworksBuildPhase section */
		FDF036B929179913000D3F87 /* Frameworks */ = {
			isa = PBXFrameworksBuildPhase;
			buildActionMask = 2147483647;
			files = (
			);
			runOnlyForDeploymentPostprocessing = 0;
		};
/* End PBXFrameworksBuildPhase section */

/* Begin PBXGroup section */
		FD03D59A297AB0B7005184D5 /* DropDownPicker */ = {
			isa = PBXGroup;
			children = (
				FD03D59B297AB0E2005184D5 /* DropDownPicker.swift */,
			);
			path = DropDownPicker;
			sourceTree = "<group>";
		};
		FD03D59D297AC080005184D5 /* AutoOTPTextField */ = {
			isa = PBXGroup;
			children = (
				FD03D59E297AC0A1005184D5 /* View */,
			);
			path = AutoOTPTextField;
			sourceTree = "<group>";
		};
		FD03D59E297AC0A1005184D5 /* View */ = {
			isa = PBXGroup;
			children = (
				FD03D59F297AC0AE005184D5 /* AutoOTPTextField.swift */,
			);
			path = View;
			sourceTree = "<group>";
		};
		FD045C3D29AE5BD0006E04B4 /* AsyncLetBootcamp */ = {
			isa = PBXGroup;
			children = (
				FD045C3B29AE4FE2006E04B4 /* AsyncLetBootcamp.swift */,
			);
			path = AsyncLetBootcamp;
			sourceTree = "<group>";
		};
		FD12388C294DD925009B5672 /* NavigationStackSeanAllen */ = {
			isa = PBXGroup;
			children = (
				FD12388D294DD947009B5672 /* NavigationStackSeanAllen.swift */,
			);
			path = NavigationStackSeanAllen;
			sourceTree = "<group>";
		};
		FD12388F294DEC3B009B5672 /* Closures */ = {
			isa = PBXGroup;
			children = (
				FD123890294DEC48009B5672 /* Closures.swift */,
			);
			path = Closures;
			sourceTree = "<group>";
		};
		FD123892294DF9AA009B5672 /* DelegtesProtocol */ = {
			isa = PBXGroup;
			children = (
				FD123893294DF9C0009B5672 /* DelegtesProtocol.swift */,
			);
			path = DelegtesProtocol;
			sourceTree = "<group>";
		};
		FD14E38C298009EC00F73224 /* NativePopover */ = {
			isa = PBXGroup;
			children = (
				FD14E38D29800A2600F73224 /* View */,
			);
			path = NativePopover;
			sourceTree = "<group>";
		};
		FD14E38D29800A2600F73224 /* View */ = {
			isa = PBXGroup;
			children = (
				FD14E38E29800A2F00F73224 /* NativePopover.swift */,
			);
			path = View;
			sourceTree = "<group>";
		};
		FD354EA3294323FE00B3BD6E /* KavsoftViewsChart */ = {
			isa = PBXGroup;
			children = (
				FD354EA52943241000B3BD6E /* Model */,
				FD354EA42943240A00B3BD6E /* View */,
			);
			path = KavsoftViewsChart;
			sourceTree = "<group>";
		};
		FD354EA42943240A00B3BD6E /* View */ = {
			isa = PBXGroup;
			children = (
				FD354EA12943236100B3BD6E /* KavsoftViewsChart.swift */,
			);
			path = View;
			sourceTree = "<group>";
		};
		FD354EA52943241000B3BD6E /* Model */ = {
			isa = PBXGroup;
			children = (
				FD354EA62943243000B3BD6E /* SiteView.swift */,
			);
			path = Model;
			sourceTree = "<group>";
		};
		FD391D8A2983CCE3003CCE6E /* ReduxPattern */ = {
			isa = PBXGroup;
			children = (
				FD391DA52983D690003CCE6E /* Services */,
				FD391D912983CE6D003CCE6E /* Model */,
				FD391D8D2983CD42003CCE6E /* Actions */,
				FD391D982983CFB9003CCE6E /* ReduxStates */,
				FD391D8B2983CD33003CCE6E /* Reducers */,
				FD391D8C2983CD38003CCE6E /* Middlewares */,
				FD391D8E2983CD4F003CCE6E /* Stores */,
				FD391D8F2983CD73003CCE6E /* Views */,
			);
			path = ReduxPattern;
			sourceTree = "<group>";
		};
		FD391D8B2983CD33003CCE6E /* Reducers */ = {
			isa = PBXGroup;
			children = (
				FD391D9D2983D116003CCE6E /* ProductsReducer.swift */,
				FD391D9F2983D120003CCE6E /* RootReducer.swift */,
			);
			path = Reducers;
			sourceTree = "<group>";
		};
		FD391D8C2983CD38003CCE6E /* Middlewares */ = {
			isa = PBXGroup;
			children = (
				FD391DA12983D502003CCE6E /* ProductsMiddleware.swift */,
			);
			path = Middlewares;
			sourceTree = "<group>";
		};
		FD391D8D2983CD42003CCE6E /* Actions */ = {
			isa = PBXGroup;
			children = (
				FD391D922983CE97003CCE6E /* Actions.swift */,
				FD391D962983CF1C003CCE6E /* Index_action.swift */,
			);
			path = Actions;
			sourceTree = "<group>";
		};
		FD391D8E2983CD4F003CCE6E /* Stores */ = {
			isa = PBXGroup;
			children = (
				FD391DA82983D787003CCE6E /* Stores.swift */,
				FD391DAA2983D7DD003CCE6E /* Index_store.swift */,
			);
			path = Stores;
			sourceTree = "<group>";
		};
		FD391D8F2983CD73003CCE6E /* Views */ = {
			isa = PBXGroup;
			children = (
				FD391DAC2983D93D003CCE6E /* ReduxView.swift */,
			);
			path = Views;
			sourceTree = "<group>";
		};
		FD391D912983CE6D003CCE6E /* Model */ = {
			isa = PBXGroup;
			children = (
				FD391D942983CED9003CCE6E /* Products.swift */,
			);
			path = Model;
			sourceTree = "<group>";
		};
		FD391D982983CFB9003CCE6E /* ReduxStates */ = {
			isa = PBXGroup;
			children = (
				FD391D992983D015003CCE6E /* ReduxStates.swift */,
				FD391D9B2983D024003CCE6E /* Index_reduxState.swift */,
			);
			path = ReduxStates;
			sourceTree = "<group>";
		};
		FD391DA52983D690003CCE6E /* Services */ = {
			isa = PBXGroup;
			children = (
				FD391DA62983D6A8003CCE6E /* WebServices.swift */,
			);
			path = Services;
			sourceTree = "<group>";
		};
		FD391DAE298411DD003CCE6E /* SharedTransitionsMatchhedGeometryEffecct */ = {
			isa = PBXGroup;
			children = (
				FD391DBF29841257003CCE6E /* Model */,
				FD391DBE2984124B003CCE6E /* View */,
				FD391DAF29841200003CCE6E /* SampleVideos */,
			);
			path = SharedTransitionsMatchhedGeometryEffecct;
			sourceTree = "<group>";
		};
		FD391DAF29841200003CCE6E /* SampleVideos */ = {
			isa = PBXGroup;
			children = (
				FD391DB529841234003CCE6E /* Reel1.MP4 */,
				FD391DB429841234003CCE6E /* Reel2.MP4 */,
				FD391DB629841235003CCE6E /* Reel3.MP4 */,
				FD391DB029841233003CCE6E /* Reel4.MP4 */,
				FD391DB229841233003CCE6E /* Reel5.MP4 */,
				FD391DB129841233003CCE6E /* Reel6.MP4 */,
				FD391DB329841234003CCE6E /* Reel7.MP4 */,
			);
			path = SampleVideos;
			sourceTree = "<group>";
		};
		FD391DBE2984124B003CCE6E /* View */ = {
			isa = PBXGroup;
			children = (
				FD391DC22984149A003CCE6E /* SharedTransitionMatchedGeometryEffectView.swift */,
				FD9E951D29841B69009B2537 /* CardView.swift */,
				FD9E951F29841F0B009B2537 /* CustomVideoPlayer.swift */,
			);
			path = View;
			sourceTree = "<group>";
		};
		FD391DBF29841257003CCE6E /* Model */ = {
			isa = PBXGroup;
			children = (
				FD391DC029841281003CCE6E /* VideoFile.swift */,
			);
			path = Model;
			sourceTree = "<group>";
		};
		FD3BB4A8299E4AAA0016232E /* Concepts */ = {
			isa = PBXGroup;
			children = (
				FDC0CC9D29ACDCC800615397 /* Concurrency */,
				FDD2E0CF29A23E0900FF0367 /* MemoryManagement */,
				FD3BB4A9299E4AC30016232E /* Thread_Queue_GCD_Sync_Async */,
			);
			path = Concepts;
			sourceTree = "<group>";
		};
		FD3BB4A9299E4AC30016232E /* Thread_Queue_GCD_Sync_Async */ = {
			isa = PBXGroup;
			children = (
				FD3BB4AA299E4AE10016232E /* DogView.swift */,
				FD3BB4AC299E4AEF0016232E /* Dog.swift */,
				FD3BB4AE299E4AFE0016232E /* DogViewModel.swift */,
				FD7C763A299E5053000AA1AA /* Utitlities */,
			);
			path = Thread_Queue_GCD_Sync_Async;
			sourceTree = "<group>";
		};
		FD3E7617293CAA1B0024CC49 /* ForLoopsTips */ = {
			isa = PBXGroup;
			children = (
				FD3E7618293CAA340024CC49 /* ForLoopsTips.swift */,
			);
			path = ForLoopsTips;
			sourceTree = "<group>";
		};
		FD3E7623293CB1900024CC49 /* Frameworks */ = {
			isa = PBXGroup;
			children = (
				FD3E7624293CB1900024CC49 /* WidgetKit.framework */,
				FD3E7626293CB1900024CC49 /* SwiftUI.framework */,
			);
			name = Frameworks;
			sourceTree = "<group>";
		};
		FD428B522979640400A19CFC /* ImageCroppingTool */ = {
			isa = PBXGroup;
			children = (
				FD428B542979643200A19CFC /* Model */,
				FD428B532979642E00A19CFC /* View */,
			);
			path = ImageCroppingTool;
			sourceTree = "<group>";
		};
		FD428B532979642E00A19CFC /* View */ = {
			isa = PBXGroup;
			children = (
				FD428B552979647D00A19CFC /* ImageCroppingTool.swift */,
				FD428B59297969EE00A19CFC /* CustomImagePicker.swift */,
			);
			path = View;
			sourceTree = "<group>";
		};
		FD428B542979643200A19CFC /* Model */ = {
			isa = PBXGroup;
			children = (
				FD428B572979649C00A19CFC /* Crop.swift */,
			);
			path = Model;
			sourceTree = "<group>";
		};
		FD4F783D2985159700A7AC7F /* Tables */ = {
			isa = PBXGroup;
			children = (
				FD4F784229852E5C00A7AC7F /* TableProject */,
				FD4F783E298515F900A7AC7F /* TableUser.swift */,
				FD4F7840298516DE00A7AC7F /* TableView.swift */,
			);
			path = Tables;
			sourceTree = "<group>";
		};
		FD4F784229852E5C00A7AC7F /* TableProject */ = {
			isa = PBXGroup;
			children = (
				FD4F784629852FC700A7AC7F /* Views */,
				FD4F784329852EEE00A7AC7F /* Model */,
			);
			path = TableProject;
			sourceTree = "<group>";
		};
		FD4F784329852EEE00A7AC7F /* Model */ = {
			isa = PBXGroup;
			children = (
				FD4F784429852EFC00A7AC7F /* City.swift */,
			);
			path = Model;
			sourceTree = "<group>";
		};
		FD4F784629852FC700A7AC7F /* Views */ = {
			isa = PBXGroup;
			children = (
				FD4F784D298530DC00A7AC7F /* Component */,
				FD4F784B29852FFC00A7AC7F /* StartView.swift */,
				FD4F784729852FE100A7AC7F /* CountryTableView.swift */,
				FD4F784929852FF000A7AC7F /* CountrySplitView.swift */,
			);
			path = Views;
			sourceTree = "<group>";
		};
		FD4F784D298530DC00A7AC7F /* Component */ = {
			isa = PBXGroup;
			children = (
				FD4F784E2985311200A7AC7F /* CityView.swift */,
			);
			path = Component;
			sourceTree = "<group>";
		};
		FD570F0F2947573F00072769 /* SpecialEffects */ = {
			isa = PBXGroup;
			children = (
				FD570F102947575200072769 /* Particle.swift */,
				FD570F122947583300072769 /* ParticleSystem.swift */,
				FD570F1429475A9100072769 /* SpecialEffects.swift */,
				FD570F1629476D7500072769 /* MotionManager.swift */,
			);
			path = SpecialEffects;
			sourceTree = "<group>";
		};
		FD606351292F95B7006A26FF /* SwiftUI4 */ = {
			isa = PBXGroup;
			children = (
				FD4F783D2985159700A7AC7F /* Tables */,
				FDC2EB29293E334700086E71 /* WeatherKits */,
				FDE34C4D2940BBFA0083C126 /* Charts */,
				FDC2EB26293E2F6D00086E71 /* Regexs */,
				FD62CF48293B885E00C4ED1E /* Texts */,
				FD62CF45293B86BC00C4ED1E /* SFSymbols */,
				FD62CF42293B7D7400C4ED1E /* StoreKitReviewAPI */,
				FD62CF3D293B7A8A00C4ED1E /* AnyLayoutAPI */,
				FD62CF38293B77FA00C4ED1E /* Colours */,
				FD62CF35293B700100C4ED1E /* Searches */,
				FD62CF32293A23A600C4ED1E /* MultiDatePicker */,
				FD606360292FAF4C006A26FF /* ShareLinkAPI */,
				FD60635D292FAE37006A26FF /* TapGesture */,
				FD60635A292FA745006A26FF /* GridAPI */,
				FD606357292FA2EF006A26FF /* Bottom Sheets */,
				FD606352292F95C7006A26FF /* Navigation */,
			);
			path = SwiftUI4;
			sourceTree = "<group>";
		};
		FD606352292F95C7006A26FF /* Navigation */ = {
			isa = PBXGroup;
			children = (
				FD12388C294DD925009B5672 /* NavigationStackSeanAllen */,
				FD606353292F95E3006A26FF /* NavigationStackAPI.swift */,
				FD606355292F9AA4006A26FF /* NavigationSplitAPI.swift */,
			);
			path = Navigation;
			sourceTree = "<group>";
		};
		FD606357292FA2EF006A26FF /* Bottom Sheets */ = {
			isa = PBXGroup;
			children = (
				FD606358292FA307006A26FF /* BottomSheetAPI.swift */,
			);
			path = "Bottom Sheets";
			sourceTree = "<group>";
		};
		FD60635A292FA745006A26FF /* GridAPI */ = {
			isa = PBXGroup;
			children = (
				FD60635B292FA761006A26FF /* GridAPI.swift */,
			);
			path = GridAPI;
			sourceTree = "<group>";
		};
		FD60635D292FAE37006A26FF /* TapGesture */ = {
			isa = PBXGroup;
			children = (
				FD60635E292FAE45006A26FF /* TapGestureLocation.swift */,
			);
			path = TapGesture;
			sourceTree = "<group>";
		};
		FD606360292FAF4C006A26FF /* ShareLinkAPI */ = {
			isa = PBXGroup;
			children = (
				FD606361292FAF5D006A26FF /* ShareLinkAPI.swift */,
			);
			path = ShareLinkAPI;
			sourceTree = "<group>";
		};
		FD62CF32293A23A600C4ED1E /* MultiDatePicker */ = {
			isa = PBXGroup;
			children = (
				FD62CF33293A23C300C4ED1E /* MultiDatePickers.swift */,
			);
			path = MultiDatePicker;
			sourceTree = "<group>";
		};
		FD62CF35293B700100C4ED1E /* Searches */ = {
			isa = PBXGroup;
			children = (
				FD62CF36293B700D00C4ED1E /* Searches.swift */,
			);
			path = Searches;
			sourceTree = "<group>";
		};
		FD62CF38293B77FA00C4ED1E /* Colours */ = {
			isa = PBXGroup;
			children = (
				FD62CF39293B780400C4ED1E /* Gradients.swift */,
				FD62CF3B293B78EE00C4ED1E /* Shadows.swift */,
			);
			path = Colours;
			sourceTree = "<group>";
		};
		FD62CF3D293B7A8A00C4ED1E /* AnyLayoutAPI */ = {
			isa = PBXGroup;
			children = (
				FD62CF3E293B7A9B00C4ED1E /* AnyLayoutAPI.swift */,
				FD62CF40293B7C3C00C4ED1E /* AnyLayoutAPI2.swift */,
			);
			path = AnyLayoutAPI;
			sourceTree = "<group>";
		};
		FD62CF42293B7D7400C4ED1E /* StoreKitReviewAPI */ = {
			isa = PBXGroup;
			children = (
				FD62CF43293B7D9200C4ED1E /* StoreKitReviewAPI.swift */,
			);
			path = StoreKitReviewAPI;
			sourceTree = "<group>";
		};
		FD62CF45293B86BC00C4ED1E /* SFSymbols */ = {
			isa = PBXGroup;
			children = (
				FD62CF46293B86CE00C4ED1E /* SFSymbols.swift */,
			);
			path = SFSymbols;
			sourceTree = "<group>";
		};
		FD62CF48293B885E00C4ED1E /* Texts */ = {
			isa = PBXGroup;
			children = (
				FD62CF49293B886A00C4ED1E /* Texts.swift */,
				FD62CF4B293B8BEE00C4ED1E /* ToggleAtOnce.swift */,
			);
			path = Texts;
			sourceTree = "<group>";
		};
		FD7C763A299E5053000AA1AA /* Utitlities */ = {
			isa = PBXGroup;
			children = (
				FD7C763B299E5053000AA1AA /* Log.swift */,
				FD7C763C299E5053000AA1AA /* DispatchQueue+Extension.swift */,
			);
			path = Utitlities;
			sourceTree = "<group>";
		};
		FD7E12BA298122A10006C330 /* ContainerPattern */ = {
			isa = PBXGroup;
			children = (
				FD7E12BB298123100006C330 /* View */,
			);
			path = ContainerPattern;
			sourceTree = "<group>";
		};
		FD7E12BB298123100006C330 /* View */ = {
			isa = PBXGroup;
			children = (
				FD7E12BC298123190006C330 /* ContainerPatternView.swift */,
			);
			path = View;
			sourceTree = "<group>";
		};
		FDA048C429AF4E0A00A851B8 /* TaskGroup */ = {
			isa = PBXGroup;
			children = (
				FDA048C529AF4E1E00A851B8 /* TaskGroupBootcamp.swift */,
			);
			path = TaskGroup;
			sourceTree = "<group>";
		};
		FDA1F52429781CC500C3C137 /* ShapeMorphing */ = {
			isa = PBXGroup;
			children = (
				FDA1F52729781E2400C3C137 /* Model */,
				FDA1F52529781D0F00C3C137 /* MorphingView.swift */,
			);
			path = ShapeMorphing;
			sourceTree = "<group>";
		};
		FDA1F52729781E2400C3C137 /* Model */ = {
			isa = PBXGroup;
			children = (
				FDA1F52829781E3800C3C137 /* CustomShape.swift */,
			);
			path = Model;
			sourceTree = "<group>";
		};
		FDA4CFD5298027C600360E8B /* Architectures */ = {
			isa = PBXGroup;
			children = (
				FD391D8A2983CCE3003CCE6E /* ReduxPattern */,
				FD7E12BA298122A10006C330 /* ContainerPattern */,
				FDA4CFE329802DEE00360E8B /* ModelView */,
				FDA4CFD6298027D100360E8B /* MVVM */,
			);
			path = Architectures;
			sourceTree = "<group>";
		};
		FDA4CFD6298027D100360E8B /* MVVM */ = {
			isa = PBXGroup;
			children = (
				FDA4CFD7298027FB00360E8B /* Model */,
				FDA4CFDD2980295500360E8B /* View */,
				FDA4CFE02980298B00360E8B /* ViewModel */,
				FDA4CFD8298027FF00360E8B /* Services */,
			);
			path = MVVM;
			sourceTree = "<group>";
		};
		FDA4CFD7298027FB00360E8B /* Model */ = {
			isa = PBXGroup;
			children = (
				FDA4CFDB2980290D00360E8B /* Product.swift */,
			);
			path = Model;
			sourceTree = "<group>";
		};
		FDA4CFD8298027FF00360E8B /* Services */ = {
			isa = PBXGroup;
			children = (
				FDA4CFD92980281400360E8B /* Webservice.swift */,
			);
			path = Services;
			sourceTree = "<group>";
		};
		FDA4CFDD2980295500360E8B /* View */ = {
			isa = PBXGroup;
			children = (
				FDA4CFDE2980296700360E8B /* MVVMView.swift */,
			);
			path = View;
			sourceTree = "<group>";
		};
		FDA4CFE02980298B00360E8B /* ViewModel */ = {
			isa = PBXGroup;
			children = (
				FDA4CFE1298029A400360E8B /* ProductListViewModel.swift */,
			);
			path = ViewModel;
			sourceTree = "<group>";
		};
		FDA4CFE329802DEE00360E8B /* ModelView */ = {
			isa = PBXGroup;
			children = (
				FDA4CFE429802E1700360E8B /* View */,
			);
			path = ModelView;
			sourceTree = "<group>";
		};
		FDA4CFE429802E1700360E8B /* View */ = {
			isa = PBXGroup;
			children = (
				FDA4CFE529802E2400360E8B /* ModelViewViews.swift */,
			);
			path = View;
			sourceTree = "<group>";
		};
		FDADB0992977EEEC00FB9CE4 /* ComplexUI */ = {
			isa = PBXGroup;
			children = (
				FD14E38C298009EC00F73224 /* NativePopover */,
				FD03D59D297AC080005184D5 /* AutoOTPTextField */,
				FD03D59A297AB0B7005184D5 /* DropDownPicker */,
				FD428B522979640400A19CFC /* ImageCroppingTool */,
				FDA1F52429781CC500C3C137 /* ShapeMorphing */,
				FDADB09A2977EF0000FB9CE4 /* CollapsibleHeaderMenu */,
			);
			path = ComplexUI;
			sourceTree = "<group>";
		};
		FDADB09A2977EF0000FB9CE4 /* CollapsibleHeaderMenu */ = {
			isa = PBXGroup;
			children = (
				FDADB09C2977F8AB00FB9CE4 /* View */,
				FDADB09B2977F8A800FB9CE4 /* Model */,
			);
			path = CollapsibleHeaderMenu;
			sourceTree = "<group>";
		};
		FDADB09B2977F8A800FB9CE4 /* Model */ = {
			isa = PBXGroup;
			children = (
				FDADB09E2977F8D600FB9CE4 /* Expense.swift */,
			);
			path = Model;
			sourceTree = "<group>";
		};
		FDADB09C2977F8AB00FB9CE4 /* View */ = {
			isa = PBXGroup;
			children = (
				FDADB0A02977FA7E00FB9CE4 /* CollapsibleHeaderMenu.swift */,
			);
			path = View;
			sourceTree = "<group>";
		};
		FDC0CC9D29ACDCC800615397 /* Concurrency */ = {
			isa = PBXGroup;
			children = (
				FDA048C429AF4E0A00A851B8 /* TaskGroup */,
				FD045C3D29AE5BD0006E04B4 /* AsyncLetBootcamp */,
				FDEE9B0829AE163D008E9E5D /* TaskAndDottask */,
				FDEE9B0329ADEDF1008E9E5D /* AsyncAwait */,
				FDC0CC9E29ACDCD100615397 /* DoTryCatchThrows */,
			);
			path = Concurrency;
			sourceTree = "<group>";
		};
		FDC0CC9E29ACDCD100615397 /* DoTryCatchThrows */ = {
			isa = PBXGroup;
			children = (
				FDC0CC9F29ACDCEE00615397 /* DoTryCatchThrows.swift */,
			);
			path = DoTryCatchThrows;
			sourceTree = "<group>";
		};
		FDC2EB26293E2F6D00086E71 /* Regexs */ = {
			isa = PBXGroup;
			children = (
				FDC2EB27293E2F7900086E71 /* Regexs.swift */,
			);
			path = Regexs;
			sourceTree = "<group>";
		};
		FDC2EB29293E334700086E71 /* WeatherKits */ = {
			isa = PBXGroup;
			children = (
			);
			path = WeatherKits;
			sourceTree = "<group>";
		};
		FDD1BDB72987B51D00D614DE /* UnderratedModifiers */ = {
			isa = PBXGroup;
			children = (
				FDD1BDB82987B5F900D614DE /* FileImporter.swift */,
				FDD1BDBB2987BC9800D614DE /* FileExporter.swift */,
				FDD1BDBD2987CA3800D614DE /* AppReviews.swift */,
			);
			path = UnderratedModifiers;
			sourceTree = "<group>";
		};
		FDD2E0CF29A23E0900FF0367 /* MemoryManagement */ = {
			isa = PBXGroup;
			children = (
				FDD2E0D029A23E2400FF0367 /* MemoryManagement.swift */,
			);
			path = MemoryManagement;
			sourceTree = "<group>";
		};
		FDE34C4D2940BBFA0083C126 /* Charts */ = {
			isa = PBXGroup;
			children = (
				FDE34C4E2940BC970083C126 /* YoutubeViewChart.swift */,
				FD354EA3294323FE00B3BD6E /* KavsoftViewsChart */,
			);
			path = Charts;
			sourceTree = "<group>";
		};
		FDEE9B0329ADEDF1008E9E5D /* AsyncAwait */ = {
			isa = PBXGroup;
			children = (
				FDEE9B0429ADEE00008E9E5D /* AsyncAwait.swift */,
				FDEE9B0629AE0AE0008E9E5D /* AsyncAwaitBootcamp.swift */,
			);
			path = AsyncAwait;
			sourceTree = "<group>";
		};
		FDEE9B0829AE163D008E9E5D /* TaskAndDottask */ = {
			isa = PBXGroup;
			children = (
				FDEE9B0929AE164E008E9E5D /* TaskAndDottask.swift */,
			);
			path = TaskAndDottask;
			sourceTree = "<group>";
		};
		FDF036B329179913000D3F87 = {
			isa = PBXGroup;
			children = (
				FDF036BE29179913000D3F87 /* SwiftUI_4_Accessory */,
				FD3E7623293CB1900024CC49 /* Frameworks */,
				FDF036BD29179913000D3F87 /* Products */,
			);
			sourceTree = "<group>";
		};
		FDF036BD29179913000D3F87 /* Products */ = {
			isa = PBXGroup;
			children = (
				FDF036BC29179913000D3F87 /* SwiftUI_4_Accessory.app */,
			);
			name = Products;
			sourceTree = "<group>";
		};
		FDF036BE29179913000D3F87 /* SwiftUI_4_Accessory */ = {
			isa = PBXGroup;
			children = (
				FDA7CE45297D394C00BFE046 /* SwiftUI-4-Accessory-Info.plist */,
				FDF036BF29179913000D3F87 /* SwiftUI_4_AccessoryApp.swift */,
				FDF036C129179913000D3F87 /* ContentView.swift */,
				FD3BB4A8299E4AAA0016232E /* Concepts */,
				FDD1BDB72987B51D00D614DE /* UnderratedModifiers */,
				FD391DAE298411DD003CCE6E /* SharedTransitionsMatchhedGeometryEffecct */,
				FDA4CFD5298027C600360E8B /* Architectures */,
				FDADB0992977EEEC00FB9CE4 /* ComplexUI */,
				FD123892294DF9AA009B5672 /* DelegtesProtocol */,
				FD12388F294DEC3B009B5672 /* Closures */,
				FD570F0F2947573F00072769 /* SpecialEffects */,
				FD3E7617293CAA1B0024CC49 /* ForLoopsTips */,
				FD606351292F95B7006A26FF /* SwiftUI4 */,
				FDF036CD29179B1D000D3F87 /* NewLayoutAPI */,
				FDF036C329179917000D3F87 /* Assets.xcassets */,
				FDF036C529179917000D3F87 /* Preview Content */,
			);
			path = SwiftUI_4_Accessory;
			sourceTree = "<group>";
		};
		FDF036C529179917000D3F87 /* Preview Content */ = {
			isa = PBXGroup;
			children = (
				FDF036C629179917000D3F87 /* Preview Assets.xcassets */,
			);
			path = "Preview Content";
			sourceTree = "<group>";
		};
		FDF036CD29179B1D000D3F87 /* NewLayoutAPI */ = {
			isa = PBXGroup;
			children = (
				FDF036CE29179B34000D3F87 /* NewLayoutAPI.swift */,
			);
			path = NewLayoutAPI;
			sourceTree = "<group>";
		};
/* End PBXGroup section */

/* Begin PBXNativeTarget section */
		FDF036BB29179913000D3F87 /* SwiftUI_4_Accessory */ = {
			isa = PBXNativeTarget;
			buildConfigurationList = FDF036CA29179917000D3F87 /* Build configuration list for PBXNativeTarget "SwiftUI_4_Accessory" */;
			buildPhases = (
				FDF036B829179913000D3F87 /* Sources */,
				FDF036B929179913000D3F87 /* Frameworks */,
				FDF036BA29179913000D3F87 /* Resources */,
				FD3E763B293CB1930024CC49 /* Embed Foundation Extensions */,
			);
			buildRules = (
			);
			dependencies = (
			);
			name = SwiftUI_4_Accessory;
			productName = SwiftUI_4_Accessory;
			productReference = FDF036BC29179913000D3F87 /* SwiftUI_4_Accessory.app */;
			productType = "com.apple.product-type.application";
		};
/* End PBXNativeTarget section */

/* Begin PBXProject section */
		FDF036B429179913000D3F87 /* Project object */ = {
			isa = PBXProject;
			attributes = {
				BuildIndependentTargetsInParallel = 1;
				LastSwiftUpdateCheck = 1410;
				LastUpgradeCheck = 1400;
				TargetAttributes = {
					FDF036BB29179913000D3F87 = {
						CreatedOnToolsVersion = 14.0.1;
					};
				};
			};
			buildConfigurationList = FDF036B729179913000D3F87 /* Build configuration list for PBXProject "SwiftUI_4_Accessory" */;
			compatibilityVersion = "Xcode 14.0";
			developmentRegion = en;
			hasScannedForEncodings = 0;
			knownRegions = (
				en,
				Base,
			);
			mainGroup = FDF036B329179913000D3F87;
			productRefGroup = FDF036BD29179913000D3F87 /* Products */;
			projectDirPath = "";
			projectRoot = "";
			targets = (
				FDF036BB29179913000D3F87 /* SwiftUI_4_Accessory */,
			);
		};
/* End PBXProject section */

/* Begin PBXResourcesBuildPhase section */
		FDF036BA29179913000D3F87 /* Resources */ = {
			isa = PBXResourcesBuildPhase;
			buildActionMask = 2147483647;
			files = (
				FDF036C729179917000D3F87 /* Preview Assets.xcassets in Resources */,
				FD391DBC29841235003CCE6E /* Reel1.MP4 in Resources */,
				FD391DB929841235003CCE6E /* Reel5.MP4 in Resources */,
				FD391DBB29841235003CCE6E /* Reel2.MP4 in Resources */,
				FDF036C429179917000D3F87 /* Assets.xcassets in Resources */,
				FD391DB829841235003CCE6E /* Reel6.MP4 in Resources */,
				FD391DB729841235003CCE6E /* Reel4.MP4 in Resources */,
				FD391DBA29841235003CCE6E /* Reel7.MP4 in Resources */,
				FD391DBD29841235003CCE6E /* Reel3.MP4 in Resources */,
			);
			runOnlyForDeploymentPostprocessing = 0;
		};
/* End PBXResourcesBuildPhase section */

/* Begin PBXSourcesBuildPhase section */
		FDF036B829179913000D3F87 /* Sources */ = {
			isa = PBXSourcesBuildPhase;
			buildActionMask = 2147483647;
			files = (
				FDEE9B0529ADEE00008E9E5D /* AsyncAwait.swift in Sources */,
				FD391D9A2983D015003CCE6E /* ReduxStates.swift in Sources */,
				FD3BB4AB299E4AE10016232E /* DogView.swift in Sources */,
				FDADB09F2977F8D600FB9CE4 /* Expense.swift in Sources */,
				FD60635F292FAE45006A26FF /* TapGestureLocation.swift in Sources */,
				FD570F112947575200072769 /* Particle.swift in Sources */,
				FD391D952983CED9003CCE6E /* Products.swift in Sources */,
				FD570F132947583300072769 /* ParticleSystem.swift in Sources */,
				FD12388E294DD947009B5672 /* NavigationStackSeanAllen.swift in Sources */,
				FDA048C629AF4E1E00A851B8 /* TaskGroupBootcamp.swift in Sources */,
				FDA1F52929781E3800C3C137 /* CustomShape.swift in Sources */,
				FD62CF3F293B7A9B00C4ED1E /* AnyLayoutAPI.swift in Sources */,
				FDC2EB28293E2F7900086E71 /* Regexs.swift in Sources */,
				FD391DA22983D502003CCE6E /* ProductsMiddleware.swift in Sources */,
				FD391DA92983D787003CCE6E /* Stores.swift in Sources */,
				FDA4CFDA2980281400360E8B /* Webservice.swift in Sources */,
				FD391D932983CE97003CCE6E /* Actions.swift in Sources */,
				FD570F1529475A9100072769 /* SpecialEffects.swift in Sources */,
				FDE34C4F2940BC970083C126 /* YoutubeViewChart.swift in Sources */,
				FDA4CFE629802E2400360E8B /* ModelViewViews.swift in Sources */,
				FD4F784829852FE100A7AC7F /* CountryTableView.swift in Sources */,
				FD391D9E2983D116003CCE6E /* ProductsReducer.swift in Sources */,
				FD7E12BD298123190006C330 /* ContainerPatternView.swift in Sources */,
				FD606354292F95E3006A26FF /* NavigationStackAPI.swift in Sources */,
				FD62CF44293B7D9200C4ED1E /* StoreKitReviewAPI.swift in Sources */,
				FD4F7841298516DE00A7AC7F /* TableView.swift in Sources */,
				FD14E38F29800A2F00F73224 /* NativePopover.swift in Sources */,
				FDA4CFDF2980296700360E8B /* MVVMView.swift in Sources */,
				FD62CF41293B7C3C00C4ED1E /* AnyLayoutAPI2.swift in Sources */,
				FDA1F52629781D0F00C3C137 /* MorphingView.swift in Sources */,
				FD03D5A0297AC0AE005184D5 /* AutoOTPTextField.swift in Sources */,
				FD3E7619293CAA340024CC49 /* ForLoopsTips.swift in Sources */,
				FD606362292FAF5D006A26FF /* ShareLinkAPI.swift in Sources */,
				FDA4CFDC2980290D00360E8B /* Product.swift in Sources */,
				FD354EA72943243000B3BD6E /* SiteView.swift in Sources */,
				FD62CF37293B700D00C4ED1E /* Searches.swift in Sources */,
				FD62CF34293A23C300C4ED1E /* MultiDatePickers.swift in Sources */,
				FD123894294DF9C0009B5672 /* DelegtesProtocol.swift in Sources */,
				FD391D9C2983D024003CCE6E /* Index_reduxState.swift in Sources */,
				FDEE9B0729AE0AE0008E9E5D /* AsyncAwaitBootcamp.swift in Sources */,
				FD7C763E299E5053000AA1AA /* DispatchQueue+Extension.swift in Sources */,
				FDADB0A12977FA7E00FB9CE4 /* CollapsibleHeaderMenu.swift in Sources */,
				FD045C3C29AE4FE2006E04B4 /* AsyncLetBootcamp.swift in Sources */,
				FD9E952029841F0B009B2537 /* CustomVideoPlayer.swift in Sources */,
				FD570F1729476D7500072769 /* MotionManager.swift in Sources */,
				FD391DAD2983D93D003CCE6E /* ReduxView.swift in Sources */,
				FDD1BDBE2987CA3800D614DE /* AppReviews.swift in Sources */,
				FD123891294DEC48009B5672 /* Closures.swift in Sources */,
				FD03D59C297AB0E2005184D5 /* DropDownPicker.swift in Sources */,
				FDC0CCA029ACDCEE00615397 /* DoTryCatchThrows.swift in Sources */,
				FD428B582979649C00A19CFC /* Crop.swift in Sources */,
				FD9E951E29841B69009B2537 /* CardView.swift in Sources */,
				FD391D972983CF1C003CCE6E /* Index_action.swift in Sources */,
				FD428B5A297969EF00A19CFC /* CustomImagePicker.swift in Sources */,
				FDD1BDBC2987BC9800D614DE /* FileExporter.swift in Sources */,
				FD391DAB2983D7DD003CCE6E /* Index_store.swift in Sources */,
				FD60635C292FA761006A26FF /* GridAPI.swift in Sources */,
				FD354EA22943236100B3BD6E /* KavsoftViewsChart.swift in Sources */,
				FD391DC129841281003CCE6E /* VideoFile.swift in Sources */,
				FD391DC32984149A003CCE6E /* SharedTransitionMatchedGeometryEffectView.swift in Sources */,
				FD4F783F298515F900A7AC7F /* TableUser.swift in Sources */,
				FDD1BDB92987B5F900D614DE /* FileImporter.swift in Sources */,
				FD62CF47293B86CE00C4ED1E /* SFSymbols.swift in Sources */,
				FD7C763D299E5053000AA1AA /* Log.swift in Sources */,
				FDF036CF29179B34000D3F87 /* NewLayoutAPI.swift in Sources */,
				FD4F784C29852FFC00A7AC7F /* StartView.swift in Sources */,
				FD391DA72983D6A8003CCE6E /* WebServices.swift in Sources */,
				FDF036C229179913000D3F87 /* ContentView.swift in Sources */,
				FD62CF4A293B886A00C4ED1E /* Texts.swift in Sources */,
				FD428B562979647D00A19CFC /* ImageCroppingTool.swift in Sources */,
				FD606356292F9AA4006A26FF /* NavigationSplitAPI.swift in Sources */,
				FDF036C029179913000D3F87 /* SwiftUI_4_AccessoryApp.swift in Sources */,
				FD4F784F2985311200A7AC7F /* CityView.swift in Sources */,
				FD62CF3C293B78EE00C4ED1E /* Shadows.swift in Sources */,
				FDA4CFE2298029A400360E8B /* ProductListViewModel.swift in Sources */,
				FD3BB4AD299E4AEF0016232E /* Dog.swift in Sources */,
				FD606359292FA307006A26FF /* BottomSheetAPI.swift in Sources */,
				FDD2E0D129A23E2500FF0367 /* MemoryManagement.swift in Sources */,
				FD4F784529852EFC00A7AC7F /* City.swift in Sources */,
				FD3BB4AF299E4AFE0016232E /* DogViewModel.swift in Sources */,
				FD4F784A29852FF000A7AC7F /* CountrySplitView.swift in Sources */,
				FDEE9B0A29AE164E008E9E5D /* TaskAndDottask.swift in Sources */,
				FD62CF3A293B780400C4ED1E /* Gradients.swift in Sources */,
				FD391DA02983D120003CCE6E /* RootReducer.swift in Sources */,
				FD62CF4C293B8BEE00C4ED1E /* ToggleAtOnce.swift in Sources */,
			);
			runOnlyForDeploymentPostprocessing = 0;
		};
/* End PBXSourcesBuildPhase section */

/* Begin XCBuildConfiguration section */
		FDF036C829179917000D3F87 /* Debug */ = {
			isa = XCBuildConfiguration;
			buildSettings = {
				ALWAYS_SEARCH_USER_PATHS = NO;
				CLANG_ANALYZER_NONNULL = YES;
				CLANG_ANALYZER_NUMBER_OBJECT_CONVERSION = YES_AGGRESSIVE;
				CLANG_CXX_LANGUAGE_STANDARD = "gnu++20";
				CLANG_ENABLE_MODULES = YES;
				CLANG_ENABLE_OBJC_ARC = YES;
				CLANG_ENABLE_OBJC_WEAK = YES;
				CLANG_WARN_BLOCK_CAPTURE_AUTORELEASING = YES;
				CLANG_WARN_BOOL_CONVERSION = YES;
				CLANG_WARN_COMMA = YES;
				CLANG_WARN_CONSTANT_CONVERSION = YES;
				CLANG_WARN_DEPRECATED_OBJC_IMPLEMENTATIONS = YES;
				CLANG_WARN_DIRECT_OBJC_ISA_USAGE = YES_ERROR;
				CLANG_WARN_DOCUMENTATION_COMMENTS = YES;
				CLANG_WARN_EMPTY_BODY = YES;
				CLANG_WARN_ENUM_CONVERSION = YES;
				CLANG_WARN_INFINITE_RECURSION = YES;
				CLANG_WARN_INT_CONVERSION = YES;
				CLANG_WARN_NON_LITERAL_NULL_CONVERSION = YES;
				CLANG_WARN_OBJC_IMPLICIT_RETAIN_SELF = YES;
				CLANG_WARN_OBJC_LITERAL_CONVERSION = YES;
				CLANG_WARN_OBJC_ROOT_CLASS = YES_ERROR;
				CLANG_WARN_QUOTED_INCLUDE_IN_FRAMEWORK_HEADER = YES;
				CLANG_WARN_RANGE_LOOP_ANALYSIS = YES;
				CLANG_WARN_STRICT_PROTOTYPES = YES;
				CLANG_WARN_SUSPICIOUS_MOVE = YES;
				CLANG_WARN_UNGUARDED_AVAILABILITY = YES_AGGRESSIVE;
				CLANG_WARN_UNREACHABLE_CODE = YES;
				CLANG_WARN__DUPLICATE_METHOD_MATCH = YES;
				COPY_PHASE_STRIP = NO;
				DEBUG_INFORMATION_FORMAT = dwarf;
				ENABLE_STRICT_OBJC_MSGSEND = YES;
				ENABLE_TESTABILITY = YES;
				GCC_C_LANGUAGE_STANDARD = gnu11;
				GCC_DYNAMIC_NO_PIC = NO;
				GCC_NO_COMMON_BLOCKS = YES;
				GCC_OPTIMIZATION_LEVEL = 0;
				GCC_PREPROCESSOR_DEFINITIONS = (
					"DEBUG=1",
					"$(inherited)",
				);
				GCC_WARN_64_TO_32_BIT_CONVERSION = YES;
				GCC_WARN_ABOUT_RETURN_TYPE = YES_ERROR;
				GCC_WARN_UNDECLARED_SELECTOR = YES;
				GCC_WARN_UNINITIALIZED_AUTOS = YES_AGGRESSIVE;
				GCC_WARN_UNUSED_FUNCTION = YES;
				GCC_WARN_UNUSED_VARIABLE = YES;
				IPHONEOS_DEPLOYMENT_TARGET = 16.0;
				MTL_ENABLE_DEBUG_INFO = INCLUDE_SOURCE;
				MTL_FAST_MATH = YES;
				ONLY_ACTIVE_ARCH = YES;
				SDKROOT = iphoneos;
				SWIFT_ACTIVE_COMPILATION_CONDITIONS = DEBUG;
				SWIFT_OPTIMIZATION_LEVEL = "-Onone";
			};
			name = Debug;
		};
		FDF036C929179917000D3F87 /* Release */ = {
			isa = XCBuildConfiguration;
			buildSettings = {
				ALWAYS_SEARCH_USER_PATHS = NO;
				CLANG_ANALYZER_NONNULL = YES;
				CLANG_ANALYZER_NUMBER_OBJECT_CONVERSION = YES_AGGRESSIVE;
				CLANG_CXX_LANGUAGE_STANDARD = "gnu++20";
				CLANG_ENABLE_MODULES = YES;
				CLANG_ENABLE_OBJC_ARC = YES;
				CLANG_ENABLE_OBJC_WEAK = YES;
				CLANG_WARN_BLOCK_CAPTURE_AUTORELEASING = YES;
				CLANG_WARN_BOOL_CONVERSION = YES;
				CLANG_WARN_COMMA = YES;
				CLANG_WARN_CONSTANT_CONVERSION = YES;
				CLANG_WARN_DEPRECATED_OBJC_IMPLEMENTATIONS = YES;
				CLANG_WARN_DIRECT_OBJC_ISA_USAGE = YES_ERROR;
				CLANG_WARN_DOCUMENTATION_COMMENTS = YES;
				CLANG_WARN_EMPTY_BODY = YES;
				CLANG_WARN_ENUM_CONVERSION = YES;
				CLANG_WARN_INFINITE_RECURSION = YES;
				CLANG_WARN_INT_CONVERSION = YES;
				CLANG_WARN_NON_LITERAL_NULL_CONVERSION = YES;
				CLANG_WARN_OBJC_IMPLICIT_RETAIN_SELF = YES;
				CLANG_WARN_OBJC_LITERAL_CONVERSION = YES;
				CLANG_WARN_OBJC_ROOT_CLASS = YES_ERROR;
				CLANG_WARN_QUOTED_INCLUDE_IN_FRAMEWORK_HEADER = YES;
				CLANG_WARN_RANGE_LOOP_ANALYSIS = YES;
				CLANG_WARN_STRICT_PROTOTYPES = YES;
				CLANG_WARN_SUSPICIOUS_MOVE = YES;
				CLANG_WARN_UNGUARDED_AVAILABILITY = YES_AGGRESSIVE;
				CLANG_WARN_UNREACHABLE_CODE = YES;
				CLANG_WARN__DUPLICATE_METHOD_MATCH = YES;
				COPY_PHASE_STRIP = NO;
				DEBUG_INFORMATION_FORMAT = "dwarf-with-dsym";
				ENABLE_NS_ASSERTIONS = NO;
				ENABLE_STRICT_OBJC_MSGSEND = YES;
				GCC_C_LANGUAGE_STANDARD = gnu11;
				GCC_NO_COMMON_BLOCKS = YES;
				GCC_WARN_64_TO_32_BIT_CONVERSION = YES;
				GCC_WARN_ABOUT_RETURN_TYPE = YES_ERROR;
				GCC_WARN_UNDECLARED_SELECTOR = YES;
				GCC_WARN_UNINITIALIZED_AUTOS = YES_AGGRESSIVE;
				GCC_WARN_UNUSED_FUNCTION = YES;
				GCC_WARN_UNUSED_VARIABLE = YES;
				IPHONEOS_DEPLOYMENT_TARGET = 16.0;
				MTL_ENABLE_DEBUG_INFO = NO;
				MTL_FAST_MATH = YES;
				SDKROOT = iphoneos;
				SWIFT_COMPILATION_MODE = wholemodule;
				SWIFT_OPTIMIZATION_LEVEL = "-O";
				VALIDATE_PRODUCT = YES;
			};
			name = Release;
		};
		FDF036CB29179917000D3F87 /* Debug */ = {
			isa = XCBuildConfiguration;
			buildSettings = {
				ASSETCATALOG_COMPILER_APPICON_NAME = AppIcon;
				ASSETCATALOG_COMPILER_GLOBAL_ACCENT_COLOR_NAME = AccentColor;
				CODE_SIGN_STYLE = Automatic;
				CURRENT_PROJECT_VERSION = 1;
				DEVELOPMENT_ASSET_PATHS = "\"SwiftUI_4_Accessory/Preview Content\"";
				DEVELOPMENT_TEAM = XP6V4T4UU6;
				ENABLE_PREVIEWS = YES;
				GENERATE_INFOPLIST_FILE = YES;
				INFOPLIST_FILE = "SwiftUI-4-Accessory-Info.plist";
				INFOPLIST_KEY_NSLocationAlwaysAndWhenInUseUsageDescription = "WeatherApp requires your location";
				INFOPLIST_KEY_NSLocationWhenInUseUsageDescription = "WeatherApp need your location to get the current weather for where you are.";
				INFOPLIST_KEY_NSMotionUsageDescription = "We need to read your movements";
				INFOPLIST_KEY_NSPhotoLibraryAddUsageDescription = "SwiftUI_4_Accessory wants to pic image from your gallery";
				INFOPLIST_KEY_UIApplicationSupportsIndirectInputEvents = YES;
				INFOPLIST_KEY_UILaunchScreen_Generation = YES;
				INFOPLIST_KEY_UISupportedInterfaceOrientations = UIInterfaceOrientationPortrait;
				INFOPLIST_KEY_UISupportedInterfaceOrientations_iPad = "UIInterfaceOrientationLandscapeLeft UIInterfaceOrientationLandscapeRight UIInterfaceOrientationPortrait UIInterfaceOrientationPortraitUpsideDown";
				INFOPLIST_KEY_UIUserInterfaceStyle = Light;
				LD_RUNPATH_SEARCH_PATHS = (
					"$(inherited)",
					"@executable_path/Frameworks",
				);
				MARKETING_VERSION = 1.0;
				PRODUCT_BUNDLE_IDENTIFIER = "com.blacenova.SwiftUI-4-Accessory";
				PRODUCT_NAME = "$(TARGET_NAME)";
				SWIFT_EMIT_LOC_STRINGS = YES;
				SWIFT_VERSION = 5.0;
				TARGETED_DEVICE_FAMILY = "1,2";
			};
			name = Debug;
		};
		FDF036CC29179917000D3F87 /* Release */ = {
			isa = XCBuildConfiguration;
			buildSettings = {
				ASSETCATALOG_COMPILER_APPICON_NAME = AppIcon;
				ASSETCATALOG_COMPILER_GLOBAL_ACCENT_COLOR_NAME = AccentColor;
				CODE_SIGN_STYLE = Automatic;
				CURRENT_PROJECT_VERSION = 1;
				DEVELOPMENT_ASSET_PATHS = "\"SwiftUI_4_Accessory/Preview Content\"";
				DEVELOPMENT_TEAM = XP6V4T4UU6;
				ENABLE_PREVIEWS = YES;
				GENERATE_INFOPLIST_FILE = YES;
				INFOPLIST_FILE = "SwiftUI-4-Accessory-Info.plist";
				INFOPLIST_KEY_NSLocationAlwaysAndWhenInUseUsageDescription = "WeatherApp requires your location";
				INFOPLIST_KEY_NSLocationWhenInUseUsageDescription = "WeatherApp need your location to get the current weather for where you are.";
				INFOPLIST_KEY_NSMotionUsageDescription = "We need to read your movements";
				INFOPLIST_KEY_NSPhotoLibraryAddUsageDescription = "SwiftUI_4_Accessory wants to pic image from your gallery";
				INFOPLIST_KEY_UIApplicationSupportsIndirectInputEvents = YES;
				INFOPLIST_KEY_UILaunchScreen_Generation = YES;
				INFOPLIST_KEY_UISupportedInterfaceOrientations = UIInterfaceOrientationPortrait;
				INFOPLIST_KEY_UISupportedInterfaceOrientations_iPad = "UIInterfaceOrientationLandscapeLeft UIInterfaceOrientationLandscapeRight UIInterfaceOrientationPortrait UIInterfaceOrientationPortraitUpsideDown";
				INFOPLIST_KEY_UIUserInterfaceStyle = Light;
				LD_RUNPATH_SEARCH_PATHS = (
					"$(inherited)",
					"@executable_path/Frameworks",
				);
				MARKETING_VERSION = 1.0;
				PRODUCT_BUNDLE_IDENTIFIER = "com.blacenova.SwiftUI-4-Accessory";
				PRODUCT_NAME = "$(TARGET_NAME)";
				SWIFT_EMIT_LOC_STRINGS = YES;
				SWIFT_VERSION = 5.0;
				TARGETED_DEVICE_FAMILY = "1,2";
			};
			name = Release;
		};
/* End XCBuildConfiguration section */

/* Begin XCConfigurationList section */
		FDF036B729179913000D3F87 /* Build configuration list for PBXProject "SwiftUI_4_Accessory" */ = {
			isa = XCConfigurationList;
			buildConfigurations = (
				FDF036C829179917000D3F87 /* Debug */,
				FDF036C929179917000D3F87 /* Release */,
			);
			defaultConfigurationIsVisible = 0;
			defaultConfigurationName = Release;
		};
		FDF036CA29179917000D3F87 /* Build configuration list for PBXNativeTarget "SwiftUI_4_Accessory" */ = {
			isa = XCConfigurationList;
			buildConfigurations = (
				FDF036CB29179917000D3F87 /* Debug */,
				FDF036CC29179917000D3F87 /* Release */,
			);
			defaultConfigurationIsVisible = 0;
			defaultConfigurationName = Release;
		};
/* End XCConfigurationList section */
	};
	rootObject = FDF036B429179913000D3F87 /* Project object */;
}
