// !$*UTF8*$!
{
	archiveVersion = 1;
	classes = {
	};
	objectVersion = 56;
	objects = {

/* Begin PBXBuildFile section */
		FD354EA22943236100B3BD6E /* KavsoftViewsChart.swift in Sources */ = {isa = PBXBuildFile; fileRef = FD354EA12943236100B3BD6E /* KavsoftViewsChart.swift */; };
		FD354EA72943243000B3BD6E /* SiteView.swift in Sources */ = {isa = PBXBuildFile; fileRef = FD354EA62943243000B3BD6E /* SiteView.swift */; };
		FD3E7619293CAA340024CC49 /* ForLoopsTips.swift in Sources */ = {isa = PBXBuildFile; fileRef = FD3E7618293CAA340024CC49 /* ForLoopsTips.swift */; };
		FD570F112947575200072769 /* Particle.swift in Sources */ = {isa = PBXBuildFile; fileRef = FD570F102947575200072769 /* Particle.swift */; };
		FD570F132947583300072769 /* ParticleSystem.swift in Sources */ = {isa = PBXBuildFile; fileRef = FD570F122947583300072769 /* ParticleSystem.swift */; };
		FD570F1529475A9100072769 /* SpecialEffects.swift in Sources */ = {isa = PBXBuildFile; fileRef = FD570F1429475A9100072769 /* SpecialEffects.swift */; };
		FD570F1729476D7500072769 /* MotionManager.swift in Sources */ = {isa = PBXBuildFile; fileRef = FD570F1629476D7500072769 /* MotionManager.swift */; };
		FD606354292F95E3006A26FF /* NavigationStackAPI.swift in Sources */ = {isa = PBXBuildFile; fileRef = FD606353292F95E3006A26FF /* NavigationStackAPI.swift */; };
		FD606356292F9AA4006A26FF /* NavigationSplitAPI.swift in Sources */ = {isa = PBXBuildFile; fileRef = FD606355292F9AA4006A26FF /* NavigationSplitAPI.swift */; };
		FD606359292FA307006A26FF /* BottomSheetAPI.swift in Sources */ = {isa = PBXBuildFile; fileRef = FD606358292FA307006A26FF /* BottomSheetAPI.swift */; };
		FD60635C292FA761006A26FF /* GridAPI.swift in Sources */ = {isa = PBXBuildFile; fileRef = FD60635B292FA761006A26FF /* GridAPI.swift */; };
		FD60635F292FAE45006A26FF /* TapGestureLocation.swift in Sources */ = {isa = PBXBuildFile; fileRef = FD60635E292FAE45006A26FF /* TapGestureLocation.swift */; };
		FD606362292FAF5D006A26FF /* ShareLinkAPI.swift in Sources */ = {isa = PBXBuildFile; fileRef = FD606361292FAF5D006A26FF /* ShareLinkAPI.swift */; };
		FD62CF34293A23C300C4ED1E /* MultiDatePickers.swift in Sources */ = {isa = PBXBuildFile; fileRef = FD62CF33293A23C300C4ED1E /* MultiDatePickers.swift */; };
		FD62CF37293B700D00C4ED1E /* Searches.swift in Sources */ = {isa = PBXBuildFile; fileRef = FD62CF36293B700D00C4ED1E /* Searches.swift */; };
		FD62CF3A293B780400C4ED1E /* Gradients.swift in Sources */ = {isa = PBXBuildFile; fileRef = FD62CF39293B780400C4ED1E /* Gradients.swift */; };
		FD62CF3C293B78EE00C4ED1E /* Shadows.swift in Sources */ = {isa = PBXBuildFile; fileRef = FD62CF3B293B78EE00C4ED1E /* Shadows.swift */; };
		FD62CF3F293B7A9B00C4ED1E /* AnyLayoutAPI.swift in Sources */ = {isa = PBXBuildFile; fileRef = FD62CF3E293B7A9B00C4ED1E /* AnyLayoutAPI.swift */; };
		FD62CF41293B7C3C00C4ED1E /* AnyLayoutAPI2.swift in Sources */ = {isa = PBXBuildFile; fileRef = FD62CF40293B7C3C00C4ED1E /* AnyLayoutAPI2.swift */; };
		FD62CF44293B7D9200C4ED1E /* StoreKitReviewAPI.swift in Sources */ = {isa = PBXBuildFile; fileRef = FD62CF43293B7D9200C4ED1E /* StoreKitReviewAPI.swift */; };
		FD62CF47293B86CE00C4ED1E /* SFSymbols.swift in Sources */ = {isa = PBXBuildFile; fileRef = FD62CF46293B86CE00C4ED1E /* SFSymbols.swift */; };
		FD62CF4A293B886A00C4ED1E /* Texts.swift in Sources */ = {isa = PBXBuildFile; fileRef = FD62CF49293B886A00C4ED1E /* Texts.swift */; };
		FD62CF4C293B8BEE00C4ED1E /* ToggleAtOnce.swift in Sources */ = {isa = PBXBuildFile; fileRef = FD62CF4B293B8BEE00C4ED1E /* ToggleAtOnce.swift */; };
		FDC2EB28293E2F7900086E71 /* Regexs.swift in Sources */ = {isa = PBXBuildFile; fileRef = FDC2EB27293E2F7900086E71 /* Regexs.swift */; };
		FDE34C4F2940BC970083C126 /* YoutubeViewChart.swift in Sources */ = {isa = PBXBuildFile; fileRef = FDE34C4E2940BC970083C126 /* YoutubeViewChart.swift */; };
		FDF036C029179913000D3F87 /* SwiftUI_4_AccessoryApp.swift in Sources */ = {isa = PBXBuildFile; fileRef = FDF036BF29179913000D3F87 /* SwiftUI_4_AccessoryApp.swift */; };
		FDF036C229179913000D3F87 /* ContentView.swift in Sources */ = {isa = PBXBuildFile; fileRef = FDF036C129179913000D3F87 /* ContentView.swift */; };
		FDF036C429179917000D3F87 /* Assets.xcassets in Resources */ = {isa = PBXBuildFile; fileRef = FDF036C329179917000D3F87 /* Assets.xcassets */; };
		FDF036C729179917000D3F87 /* Preview Assets.xcassets in Resources */ = {isa = PBXBuildFile; fileRef = FDF036C629179917000D3F87 /* Preview Assets.xcassets */; };
		FDF036CF29179B34000D3F87 /* NewLayoutAPI.swift in Sources */ = {isa = PBXBuildFile; fileRef = FDF036CE29179B34000D3F87 /* NewLayoutAPI.swift */; };
/* End PBXBuildFile section */

/* Begin PBXCopyFilesBuildPhase section */
		FD3E763B293CB1930024CC49 /* Embed Foundation Extensions */ = {
			isa = PBXCopyFilesBuildPhase;
			buildActionMask = 2147483647;
			dstPath = "";
			dstSubfolderSpec = 13;
			files = (
			);
			name = "Embed Foundation Extensions";
			runOnlyForDeploymentPostprocessing = 0;
		};
/* End PBXCopyFilesBuildPhase section */

/* Begin PBXFileReference section */
		FD354EA12943236100B3BD6E /* KavsoftViewsChart.swift */ = {isa = PBXFileReference; lastKnownFileType = sourcecode.swift; path = KavsoftViewsChart.swift; sourceTree = "<group>"; };
		FD354EA62943243000B3BD6E /* SiteView.swift */ = {isa = PBXFileReference; lastKnownFileType = sourcecode.swift; path = SiteView.swift; sourceTree = "<group>"; };
		FD3E7618293CAA340024CC49 /* ForLoopsTips.swift */ = {isa = PBXFileReference; lastKnownFileType = sourcecode.swift; path = ForLoopsTips.swift; sourceTree = "<group>"; };
		FD3E7624293CB1900024CC49 /* WidgetKit.framework */ = {isa = PBXFileReference; lastKnownFileType = wrapper.framework; name = WidgetKit.framework; path = System/Library/Frameworks/WidgetKit.framework; sourceTree = SDKROOT; };
		FD3E7626293CB1900024CC49 /* SwiftUI.framework */ = {isa = PBXFileReference; lastKnownFileType = wrapper.framework; name = SwiftUI.framework; path = System/Library/Frameworks/SwiftUI.framework; sourceTree = SDKROOT; };
		FD570F102947575200072769 /* Particle.swift */ = {isa = PBXFileReference; lastKnownFileType = sourcecode.swift; path = Particle.swift; sourceTree = "<group>"; };
		FD570F122947583300072769 /* ParticleSystem.swift */ = {isa = PBXFileReference; lastKnownFileType = sourcecode.swift; path = ParticleSystem.swift; sourceTree = "<group>"; };
		FD570F1429475A9100072769 /* SpecialEffects.swift */ = {isa = PBXFileReference; lastKnownFileType = sourcecode.swift; path = SpecialEffects.swift; sourceTree = "<group>"; };
		FD570F1629476D7500072769 /* MotionManager.swift */ = {isa = PBXFileReference; lastKnownFileType = sourcecode.swift; path = MotionManager.swift; sourceTree = "<group>"; };
		FD606353292F95E3006A26FF /* NavigationStackAPI.swift */ = {isa = PBXFileReference; lastKnownFileType = sourcecode.swift; path = NavigationStackAPI.swift; sourceTree = "<group>"; };
		FD606355292F9AA4006A26FF /* NavigationSplitAPI.swift */ = {isa = PBXFileReference; lastKnownFileType = sourcecode.swift; path = NavigationSplitAPI.swift; sourceTree = "<group>"; };
		FD606358292FA307006A26FF /* BottomSheetAPI.swift */ = {isa = PBXFileReference; lastKnownFileType = sourcecode.swift; path = BottomSheetAPI.swift; sourceTree = "<group>"; };
		FD60635B292FA761006A26FF /* GridAPI.swift */ = {isa = PBXFileReference; lastKnownFileType = sourcecode.swift; path = GridAPI.swift; sourceTree = "<group>"; };
		FD60635E292FAE45006A26FF /* TapGestureLocation.swift */ = {isa = PBXFileReference; lastKnownFileType = sourcecode.swift; path = TapGestureLocation.swift; sourceTree = "<group>"; };
		FD606361292FAF5D006A26FF /* ShareLinkAPI.swift */ = {isa = PBXFileReference; lastKnownFileType = sourcecode.swift; path = ShareLinkAPI.swift; sourceTree = "<group>"; };
		FD62CF33293A23C300C4ED1E /* MultiDatePickers.swift */ = {isa = PBXFileReference; lastKnownFileType = sourcecode.swift; path = MultiDatePickers.swift; sourceTree = "<group>"; };
		FD62CF36293B700D00C4ED1E /* Searches.swift */ = {isa = PBXFileReference; lastKnownFileType = sourcecode.swift; path = Searches.swift; sourceTree = "<group>"; };
		FD62CF39293B780400C4ED1E /* Gradients.swift */ = {isa = PBXFileReference; lastKnownFileType = sourcecode.swift; path = Gradients.swift; sourceTree = "<group>"; };
		FD62CF3B293B78EE00C4ED1E /* Shadows.swift */ = {isa = PBXFileReference; lastKnownFileType = sourcecode.swift; path = Shadows.swift; sourceTree = "<group>"; };
		FD62CF3E293B7A9B00C4ED1E /* AnyLayoutAPI.swift */ = {isa = PBXFileReference; lastKnownFileType = sourcecode.swift; path = AnyLayoutAPI.swift; sourceTree = "<group>"; };
		FD62CF40293B7C3C00C4ED1E /* AnyLayoutAPI2.swift */ = {isa = PBXFileReference; lastKnownFileType = sourcecode.swift; path = AnyLayoutAPI2.swift; sourceTree = "<group>"; };
		FD62CF43293B7D9200C4ED1E /* StoreKitReviewAPI.swift */ = {isa = PBXFileReference; lastKnownFileType = sourcecode.swift; path = StoreKitReviewAPI.swift; sourceTree = "<group>"; };
		FD62CF46293B86CE00C4ED1E /* SFSymbols.swift */ = {isa = PBXFileReference; lastKnownFileType = sourcecode.swift; path = SFSymbols.swift; sourceTree = "<group>"; };
		FD62CF49293B886A00C4ED1E /* Texts.swift */ = {isa = PBXFileReference; lastKnownFileType = sourcecode.swift; path = Texts.swift; sourceTree = "<group>"; };
		FD62CF4B293B8BEE00C4ED1E /* ToggleAtOnce.swift */ = {isa = PBXFileReference; lastKnownFileType = sourcecode.swift; path = ToggleAtOnce.swift; sourceTree = "<group>"; };
		FDC2EB27293E2F7900086E71 /* Regexs.swift */ = {isa = PBXFileReference; lastKnownFileType = sourcecode.swift; path = Regexs.swift; sourceTree = "<group>"; };
		FDE34C4E2940BC970083C126 /* YoutubeViewChart.swift */ = {isa = PBXFileReference; lastKnownFileType = sourcecode.swift; path = YoutubeViewChart.swift; sourceTree = "<group>"; };
		FDF036BC29179913000D3F87 /* SwiftUI_4_Accessory.app */ = {isa = PBXFileReference; explicitFileType = wrapper.application; includeInIndex = 0; path = SwiftUI_4_Accessory.app; sourceTree = BUILT_PRODUCTS_DIR; };
		FDF036BF29179913000D3F87 /* SwiftUI_4_AccessoryApp.swift */ = {isa = PBXFileReference; lastKnownFileType = sourcecode.swift; path = SwiftUI_4_AccessoryApp.swift; sourceTree = "<group>"; };
		FDF036C129179913000D3F87 /* ContentView.swift */ = {isa = PBXFileReference; lastKnownFileType = sourcecode.swift; path = ContentView.swift; sourceTree = "<group>"; };
		FDF036C329179917000D3F87 /* Assets.xcassets */ = {isa = PBXFileReference; lastKnownFileType = folder.assetcatalog; path = Assets.xcassets; sourceTree = "<group>"; };
		FDF036C629179917000D3F87 /* Preview Assets.xcassets */ = {isa = PBXFileReference; lastKnownFileType = folder.assetcatalog; path = "Preview Assets.xcassets"; sourceTree = "<group>"; };
		FDF036CE29179B34000D3F87 /* NewLayoutAPI.swift */ = {isa = PBXFileReference; lastKnownFileType = sourcecode.swift; path = NewLayoutAPI.swift; sourceTree = "<group>"; };
/* End PBXFileReference section */

/* Begin PBXFrameworksBuildPhase section */
		FDF036B929179913000D3F87 /* Frameworks */ = {
			isa = PBXFrameworksBuildPhase;
			buildActionMask = 2147483647;
			files = (
			);
			runOnlyForDeploymentPostprocessing = 0;
		};
/* End PBXFrameworksBuildPhase section */

/* Begin PBXGroup section */
		FD354EA3294323FE00B3BD6E /* KavsoftViewsChart */ = {
			isa = PBXGroup;
			children = (
				FD354EA52943241000B3BD6E /* Model */,
				FD354EA42943240A00B3BD6E /* View */,
			);
			path = KavsoftViewsChart;
			sourceTree = "<group>";
		};
		FD354EA42943240A00B3BD6E /* View */ = {
			isa = PBXGroup;
			children = (
				FD354EA12943236100B3BD6E /* KavsoftViewsChart.swift */,
			);
			path = View;
			sourceTree = "<group>";
		};
		FD354EA52943241000B3BD6E /* Model */ = {
			isa = PBXGroup;
			children = (
				FD354EA62943243000B3BD6E /* SiteView.swift */,
			);
			path = Model;
			sourceTree = "<group>";
		};
		FD3E7617293CAA1B0024CC49 /* ForLoopsTips */ = {
			isa = PBXGroup;
			children = (
				FD3E7618293CAA340024CC49 /* ForLoopsTips.swift */,
			);
			path = ForLoopsTips;
			sourceTree = "<group>";
		};
		FD3E7623293CB1900024CC49 /* Frameworks */ = {
			isa = PBXGroup;
			children = (
				FD3E7624293CB1900024CC49 /* WidgetKit.framework */,
				FD3E7626293CB1900024CC49 /* SwiftUI.framework */,
			);
			name = Frameworks;
			sourceTree = "<group>";
		};
		FD570F0F2947573F00072769 /* SpecialEffects */ = {
			isa = PBXGroup;
			children = (
				FD570F102947575200072769 /* Particle.swift */,
				FD570F122947583300072769 /* ParticleSystem.swift */,
				FD570F1429475A9100072769 /* SpecialEffects.swift */,
				FD570F1629476D7500072769 /* MotionManager.swift */,
			);
			path = SpecialEffects;
			sourceTree = "<group>";
		};
		FD606351292F95B7006A26FF /* SwiftUI4 */ = {
			isa = PBXGroup;
			children = (
				FDC2EB29293E334700086E71 /* WeatherKits */,
				FDE34C4D2940BBFA0083C126 /* Charts */,
				FDC2EB26293E2F6D00086E71 /* Regexs */,
				FD62CF48293B885E00C4ED1E /* Texts */,
				FD62CF45293B86BC00C4ED1E /* SFSymbols */,
				FD62CF42293B7D7400C4ED1E /* StoreKitReviewAPI */,
				FD62CF3D293B7A8A00C4ED1E /* AnyLayoutAPI */,
				FD62CF38293B77FA00C4ED1E /* Colours */,
				FD62CF35293B700100C4ED1E /* Searches */,
				FD62CF32293A23A600C4ED1E /* MultiDatePicker */,
				FD606360292FAF4C006A26FF /* ShareLinkAPI */,
				FD60635D292FAE37006A26FF /* TapGesture */,
				FD60635A292FA745006A26FF /* GridAPI */,
				FD606357292FA2EF006A26FF /* Bottom Sheets */,
				FD606352292F95C7006A26FF /* Navigation */,
			);
			path = SwiftUI4;
			sourceTree = "<group>";
		};
		FD606352292F95C7006A26FF /* Navigation */ = {
			isa = PBXGroup;
			children = (
				FD606353292F95E3006A26FF /* NavigationStackAPI.swift */,
				FD606355292F9AA4006A26FF /* NavigationSplitAPI.swift */,
			);
			path = Navigation;
			sourceTree = "<group>";
		};
		FD606357292FA2EF006A26FF /* Bottom Sheets */ = {
			isa = PBXGroup;
			children = (
				FD606358292FA307006A26FF /* BottomSheetAPI.swift */,
			);
			path = "Bottom Sheets";
			sourceTree = "<group>";
		};
		FD60635A292FA745006A26FF /* GridAPI */ = {
			isa = PBXGroup;
			children = (
				FD60635B292FA761006A26FF /* GridAPI.swift */,
			);
			path = GridAPI;
			sourceTree = "<group>";
		};
		FD60635D292FAE37006A26FF /* TapGesture */ = {
			isa = PBXGroup;
			children = (
				FD60635E292FAE45006A26FF /* TapGestureLocation.swift */,
			);
			path = TapGesture;
			sourceTree = "<group>";
		};
		FD606360292FAF4C006A26FF /* ShareLinkAPI */ = {
			isa = PBXGroup;
			children = (
				FD606361292FAF5D006A26FF /* ShareLinkAPI.swift */,
			);
			path = ShareLinkAPI;
			sourceTree = "<group>";
		};
		FD62CF32293A23A600C4ED1E /* MultiDatePicker */ = {
			isa = PBXGroup;
			children = (
				FD62CF33293A23C300C4ED1E /* MultiDatePickers.swift */,
			);
			path = MultiDatePicker;
			sourceTree = "<group>";
		};
		FD62CF35293B700100C4ED1E /* Searches */ = {
			isa = PBXGroup;
			children = (
				FD62CF36293B700D00C4ED1E /* Searches.swift */,
			);
			path = Searches;
			sourceTree = "<group>";
		};
		FD62CF38293B77FA00C4ED1E /* Colours */ = {
			isa = PBXGroup;
			children = (
				FD62CF39293B780400C4ED1E /* Gradients.swift */,
				FD62CF3B293B78EE00C4ED1E /* Shadows.swift */,
			);
			path = Colours;
			sourceTree = "<group>";
		};
		FD62CF3D293B7A8A00C4ED1E /* AnyLayoutAPI */ = {
			isa = PBXGroup;
			children = (
				FD62CF3E293B7A9B00C4ED1E /* AnyLayoutAPI.swift */,
				FD62CF40293B7C3C00C4ED1E /* AnyLayoutAPI2.swift */,
			);
			path = AnyLayoutAPI;
			sourceTree = "<group>";
		};
		FD62CF42293B7D7400C4ED1E /* StoreKitReviewAPI */ = {
			isa = PBXGroup;
			children = (
				FD62CF43293B7D9200C4ED1E /* StoreKitReviewAPI.swift */,
			);
			path = StoreKitReviewAPI;
			sourceTree = "<group>";
		};
		FD62CF45293B86BC00C4ED1E /* SFSymbols */ = {
			isa = PBXGroup;
			children = (
				FD62CF46293B86CE00C4ED1E /* SFSymbols.swift */,
			);
			path = SFSymbols;
			sourceTree = "<group>";
		};
		FD62CF48293B885E00C4ED1E /* Texts */ = {
			isa = PBXGroup;
			children = (
				FD62CF49293B886A00C4ED1E /* Texts.swift */,
				FD62CF4B293B8BEE00C4ED1E /* ToggleAtOnce.swift */,
			);
			path = Texts;
			sourceTree = "<group>";
		};
		FDC2EB26293E2F6D00086E71 /* Regexs */ = {
			isa = PBXGroup;
			children = (
				FDC2EB27293E2F7900086E71 /* Regexs.swift */,
			);
			path = Regexs;
			sourceTree = "<group>";
		};
		FDC2EB29293E334700086E71 /* WeatherKits */ = {
			isa = PBXGroup;
			children = (
			);
			path = WeatherKits;
			sourceTree = "<group>";
		};
		FDE34C4D2940BBFA0083C126 /* Charts */ = {
			isa = PBXGroup;
			children = (
				FDE34C4E2940BC970083C126 /* YoutubeViewChart.swift */,
				FD354EA3294323FE00B3BD6E /* KavsoftViewsChart */,
			);
			path = Charts;
			sourceTree = "<group>";
		};
		FDF036B329179913000D3F87 = {
			isa = PBXGroup;
			children = (
				FDF036BE29179913000D3F87 /* SwiftUI_4_Accessory */,
				FD3E7623293CB1900024CC49 /* Frameworks */,
				FDF036BD29179913000D3F87 /* Products */,
			);
			sourceTree = "<group>";
		};
		FDF036BD29179913000D3F87 /* Products */ = {
			isa = PBXGroup;
			children = (
				FDF036BC29179913000D3F87 /* SwiftUI_4_Accessory.app */,
			);
			name = Products;
			sourceTree = "<group>";
		};
		FDF036BE29179913000D3F87 /* SwiftUI_4_Accessory */ = {
			isa = PBXGroup;
			children = (
				FDF036BF29179913000D3F87 /* SwiftUI_4_AccessoryApp.swift */,
				FDF036C129179913000D3F87 /* ContentView.swift */,
				FD570F0F2947573F00072769 /* SpecialEffects */,
				FD3E7617293CAA1B0024CC49 /* ForLoopsTips */,
				FD606351292F95B7006A26FF /* SwiftUI4 */,
				FDF036CD29179B1D000D3F87 /* NewLayoutAPI */,
				FDF036C329179917000D3F87 /* Assets.xcassets */,
				FDF036C529179917000D3F87 /* Preview Content */,
			);
			path = SwiftUI_4_Accessory;
			sourceTree = "<group>";
		};
		FDF036C529179917000D3F87 /* Preview Content */ = {
			isa = PBXGroup;
			children = (
				FDF036C629179917000D3F87 /* Preview Assets.xcassets */,
			);
			path = "Preview Content";
			sourceTree = "<group>";
		};
		FDF036CD29179B1D000D3F87 /* NewLayoutAPI */ = {
			isa = PBXGroup;
			children = (
				FDF036CE29179B34000D3F87 /* NewLayoutAPI.swift */,
			);
			path = NewLayoutAPI;
			sourceTree = "<group>";
		};
/* End PBXGroup section */

/* Begin PBXNativeTarget section */
		FDF036BB29179913000D3F87 /* SwiftUI_4_Accessory */ = {
			isa = PBXNativeTarget;
			buildConfigurationList = FDF036CA29179917000D3F87 /* Build configuration list for PBXNativeTarget "SwiftUI_4_Accessory" */;
			buildPhases = (
				FDF036B829179913000D3F87 /* Sources */,
				FDF036B929179913000D3F87 /* Frameworks */,
				FDF036BA29179913000D3F87 /* Resources */,
				FD3E763B293CB1930024CC49 /* Embed Foundation Extensions */,
			);
			buildRules = (
			);
			dependencies = (
			);
			name = SwiftUI_4_Accessory;
			productName = SwiftUI_4_Accessory;
			productReference = FDF036BC29179913000D3F87 /* SwiftUI_4_Accessory.app */;
			productType = "com.apple.product-type.application";
		};
/* End PBXNativeTarget section */

/* Begin PBXProject section */
		FDF036B429179913000D3F87 /* Project object */ = {
			isa = PBXProject;
			attributes = {
				BuildIndependentTargetsInParallel = 1;
				LastSwiftUpdateCheck = 1410;
				LastUpgradeCheck = 1400;
				TargetAttributes = {
					FDF036BB29179913000D3F87 = {
						CreatedOnToolsVersion = 14.0.1;
					};
				};
			};
			buildConfigurationList = FDF036B729179913000D3F87 /* Build configuration list for PBXProject "SwiftUI_4_Accessory" */;
			compatibilityVersion = "Xcode 14.0";
			developmentRegion = en;
			hasScannedForEncodings = 0;
			knownRegions = (
				en,
				Base,
			);
			mainGroup = FDF036B329179913000D3F87;
			productRefGroup = FDF036BD29179913000D3F87 /* Products */;
			projectDirPath = "";
			projectRoot = "";
			targets = (
				FDF036BB29179913000D3F87 /* SwiftUI_4_Accessory */,
			);
		};
/* End PBXProject section */

/* Begin PBXResourcesBuildPhase section */
		FDF036BA29179913000D3F87 /* Resources */ = {
			isa = PBXResourcesBuildPhase;
			buildActionMask = 2147483647;
			files = (
				FDF036C729179917000D3F87 /* Preview Assets.xcassets in Resources */,
				FDF036C429179917000D3F87 /* Assets.xcassets in Resources */,
			);
			runOnlyForDeploymentPostprocessing = 0;
		};
/* End PBXResourcesBuildPhase section */

/* Begin PBXSourcesBuildPhase section */
		FDF036B829179913000D3F87 /* Sources */ = {
			isa = PBXSourcesBuildPhase;
			buildActionMask = 2147483647;
			files = (
				FD60635F292FAE45006A26FF /* TapGestureLocation.swift in Sources */,
				FD570F112947575200072769 /* Particle.swift in Sources */,
				FD570F132947583300072769 /* ParticleSystem.swift in Sources */,
				FD62CF3F293B7A9B00C4ED1E /* AnyLayoutAPI.swift in Sources */,
				FDC2EB28293E2F7900086E71 /* Regexs.swift in Sources */,
				FD570F1529475A9100072769 /* SpecialEffects.swift in Sources */,
				FDE34C4F2940BC970083C126 /* YoutubeViewChart.swift in Sources */,
				FD606354292F95E3006A26FF /* NavigationStackAPI.swift in Sources */,
				FD62CF44293B7D9200C4ED1E /* StoreKitReviewAPI.swift in Sources */,
				FD62CF41293B7C3C00C4ED1E /* AnyLayoutAPI2.swift in Sources */,
				FD3E7619293CAA340024CC49 /* ForLoopsTips.swift in Sources */,
				FD606362292FAF5D006A26FF /* ShareLinkAPI.swift in Sources */,
				FD354EA72943243000B3BD6E /* SiteView.swift in Sources */,
				FD62CF37293B700D00C4ED1E /* Searches.swift in Sources */,
				FD62CF34293A23C300C4ED1E /* MultiDatePickers.swift in Sources */,
				FD570F1729476D7500072769 /* MotionManager.swift in Sources */,
				FD60635C292FA761006A26FF /* GridAPI.swift in Sources */,
				FD354EA22943236100B3BD6E /* KavsoftViewsChart.swift in Sources */,
				FD62CF47293B86CE00C4ED1E /* SFSymbols.swift in Sources */,
				FDF036CF29179B34000D3F87 /* NewLayoutAPI.swift in Sources */,
				FDF036C229179913000D3F87 /* ContentView.swift in Sources */,
				FD62CF4A293B886A00C4ED1E /* Texts.swift in Sources */,
				FD606356292F9AA4006A26FF /* NavigationSplitAPI.swift in Sources */,
				FDF036C029179913000D3F87 /* SwiftUI_4_AccessoryApp.swift in Sources */,
				FD62CF3C293B78EE00C4ED1E /* Shadows.swift in Sources */,
				FD606359292FA307006A26FF /* BottomSheetAPI.swift in Sources */,
				FD62CF3A293B780400C4ED1E /* Gradients.swift in Sources */,
				FD62CF4C293B8BEE00C4ED1E /* ToggleAtOnce.swift in Sources */,
			);
			runOnlyForDeploymentPostprocessing = 0;
		};
/* End PBXSourcesBuildPhase section */

/* Begin XCBuildConfiguration section */
		FDF036C829179917000D3F87 /* Debug */ = {
			isa = XCBuildConfiguration;
			buildSettings = {
				ALWAYS_SEARCH_USER_PATHS = NO;
				CLANG_ANALYZER_NONNULL = YES;
				CLANG_ANALYZER_NUMBER_OBJECT_CONVERSION = YES_AGGRESSIVE;
				CLANG_CXX_LANGUAGE_STANDARD = "gnu++20";
				CLANG_ENABLE_MODULES = YES;
				CLANG_ENABLE_OBJC_ARC = YES;
				CLANG_ENABLE_OBJC_WEAK = YES;
				CLANG_WARN_BLOCK_CAPTURE_AUTORELEASING = YES;
				CLANG_WARN_BOOL_CONVERSION = YES;
				CLANG_WARN_COMMA = YES;
				CLANG_WARN_CONSTANT_CONVERSION = YES;
				CLANG_WARN_DEPRECATED_OBJC_IMPLEMENTATIONS = YES;
				CLANG_WARN_DIRECT_OBJC_ISA_USAGE = YES_ERROR;
				CLANG_WARN_DOCUMENTATION_COMMENTS = YES;
				CLANG_WARN_EMPTY_BODY = YES;
				CLANG_WARN_ENUM_CONVERSION = YES;
				CLANG_WARN_INFINITE_RECURSION = YES;
				CLANG_WARN_INT_CONVERSION = YES;
				CLANG_WARN_NON_LITERAL_NULL_CONVERSION = YES;
				CLANG_WARN_OBJC_IMPLICIT_RETAIN_SELF = YES;
				CLANG_WARN_OBJC_LITERAL_CONVERSION = YES;
				CLANG_WARN_OBJC_ROOT_CLASS = YES_ERROR;
				CLANG_WARN_QUOTED_INCLUDE_IN_FRAMEWORK_HEADER = YES;
				CLANG_WARN_RANGE_LOOP_ANALYSIS = YES;
				CLANG_WARN_STRICT_PROTOTYPES = YES;
				CLANG_WARN_SUSPICIOUS_MOVE = YES;
				CLANG_WARN_UNGUARDED_AVAILABILITY = YES_AGGRESSIVE;
				CLANG_WARN_UNREACHABLE_CODE = YES;
				CLANG_WARN__DUPLICATE_METHOD_MATCH = YES;
				COPY_PHASE_STRIP = NO;
				DEBUG_INFORMATION_FORMAT = dwarf;
				ENABLE_STRICT_OBJC_MSGSEND = YES;
				ENABLE_TESTABILITY = YES;
				GCC_C_LANGUAGE_STANDARD = gnu11;
				GCC_DYNAMIC_NO_PIC = NO;
				GCC_NO_COMMON_BLOCKS = YES;
				GCC_OPTIMIZATION_LEVEL = 0;
				GCC_PREPROCESSOR_DEFINITIONS = (
					"DEBUG=1",
					"$(inherited)",
				);
				GCC_WARN_64_TO_32_BIT_CONVERSION = YES;
				GCC_WARN_ABOUT_RETURN_TYPE = YES_ERROR;
				GCC_WARN_UNDECLARED_SELECTOR = YES;
				GCC_WARN_UNINITIALIZED_AUTOS = YES_AGGRESSIVE;
				GCC_WARN_UNUSED_FUNCTION = YES;
				GCC_WARN_UNUSED_VARIABLE = YES;
				IPHONEOS_DEPLOYMENT_TARGET = 16.0;
				MTL_ENABLE_DEBUG_INFO = INCLUDE_SOURCE;
				MTL_FAST_MATH = YES;
				ONLY_ACTIVE_ARCH = YES;
				SDKROOT = iphoneos;
				SWIFT_ACTIVE_COMPILATION_CONDITIONS = DEBUG;
				SWIFT_OPTIMIZATION_LEVEL = "-Onone";
			};
			name = Debug;
		};
		FDF036C929179917000D3F87 /* Release */ = {
			isa = XCBuildConfiguration;
			buildSettings = {
				ALWAYS_SEARCH_USER_PATHS = NO;
				CLANG_ANALYZER_NONNULL = YES;
				CLANG_ANALYZER_NUMBER_OBJECT_CONVERSION = YES_AGGRESSIVE;
				CLANG_CXX_LANGUAGE_STANDARD = "gnu++20";
				CLANG_ENABLE_MODULES = YES;
				CLANG_ENABLE_OBJC_ARC = YES;
				CLANG_ENABLE_OBJC_WEAK = YES;
				CLANG_WARN_BLOCK_CAPTURE_AUTORELEASING = YES;
				CLANG_WARN_BOOL_CONVERSION = YES;
				CLANG_WARN_COMMA = YES;
				CLANG_WARN_CONSTANT_CONVERSION = YES;
				CLANG_WARN_DEPRECATED_OBJC_IMPLEMENTATIONS = YES;
				CLANG_WARN_DIRECT_OBJC_ISA_USAGE = YES_ERROR;
				CLANG_WARN_DOCUMENTATION_COMMENTS = YES;
				CLANG_WARN_EMPTY_BODY = YES;
				CLANG_WARN_ENUM_CONVERSION = YES;
				CLANG_WARN_INFINITE_RECURSION = YES;
				CLANG_WARN_INT_CONVERSION = YES;
				CLANG_WARN_NON_LITERAL_NULL_CONVERSION = YES;
				CLANG_WARN_OBJC_IMPLICIT_RETAIN_SELF = YES;
				CLANG_WARN_OBJC_LITERAL_CONVERSION = YES;
				CLANG_WARN_OBJC_ROOT_CLASS = YES_ERROR;
				CLANG_WARN_QUOTED_INCLUDE_IN_FRAMEWORK_HEADER = YES;
				CLANG_WARN_RANGE_LOOP_ANALYSIS = YES;
				CLANG_WARN_STRICT_PROTOTYPES = YES;
				CLANG_WARN_SUSPICIOUS_MOVE = YES;
				CLANG_WARN_UNGUARDED_AVAILABILITY = YES_AGGRESSIVE;
				CLANG_WARN_UNREACHABLE_CODE = YES;
				CLANG_WARN__DUPLICATE_METHOD_MATCH = YES;
				COPY_PHASE_STRIP = NO;
				DEBUG_INFORMATION_FORMAT = "dwarf-with-dsym";
				ENABLE_NS_ASSERTIONS = NO;
				ENABLE_STRICT_OBJC_MSGSEND = YES;
				GCC_C_LANGUAGE_STANDARD = gnu11;
				GCC_NO_COMMON_BLOCKS = YES;
				GCC_WARN_64_TO_32_BIT_CONVERSION = YES;
				GCC_WARN_ABOUT_RETURN_TYPE = YES_ERROR;
				GCC_WARN_UNDECLARED_SELECTOR = YES;
				GCC_WARN_UNINITIALIZED_AUTOS = YES_AGGRESSIVE;
				GCC_WARN_UNUSED_FUNCTION = YES;
				GCC_WARN_UNUSED_VARIABLE = YES;
				IPHONEOS_DEPLOYMENT_TARGET = 16.0;
				MTL_ENABLE_DEBUG_INFO = NO;
				MTL_FAST_MATH = YES;
				SDKROOT = iphoneos;
				SWIFT_COMPILATION_MODE = wholemodule;
				SWIFT_OPTIMIZATION_LEVEL = "-O";
				VALIDATE_PRODUCT = YES;
			};
			name = Release;
		};
		FDF036CB29179917000D3F87 /* Debug */ = {
			isa = XCBuildConfiguration;
			buildSettings = {
				ASSETCATALOG_COMPILER_APPICON_NAME = AppIcon;
				ASSETCATALOG_COMPILER_GLOBAL_ACCENT_COLOR_NAME = AccentColor;
				CODE_SIGN_STYLE = Automatic;
				CURRENT_PROJECT_VERSION = 1;
				DEVELOPMENT_ASSET_PATHS = "\"SwiftUI_4_Accessory/Preview Content\"";
				DEVELOPMENT_TEAM = XP6V4T4UU6;
				ENABLE_PREVIEWS = YES;
				GENERATE_INFOPLIST_FILE = YES;
				INFOPLIST_KEY_NSLocationAlwaysAndWhenInUseUsageDescription = "WeatherApp requires your location";
				INFOPLIST_KEY_NSLocationWhenInUseUsageDescription = "WeatherApp need your location to get the current weather for where you are.";
				INFOPLIST_KEY_NSMotionUsageDescription = "We need to read your movements";
				INFOPLIST_KEY_UIApplicationSceneManifest_Generation = YES;
				INFOPLIST_KEY_UIApplicationSupportsIndirectInputEvents = YES;
				INFOPLIST_KEY_UILaunchScreen_Generation = YES;
				INFOPLIST_KEY_UISupportedInterfaceOrientations_iPad = "UIInterfaceOrientationPortrait UIInterfaceOrientationPortraitUpsideDown UIInterfaceOrientationLandscapeLeft UIInterfaceOrientationLandscapeRight";
				INFOPLIST_KEY_UISupportedInterfaceOrientations_iPhone = "UIInterfaceOrientationPortrait UIInterfaceOrientationLandscapeLeft UIInterfaceOrientationLandscapeRight";
				LD_RUNPATH_SEARCH_PATHS = (
					"$(inherited)",
					"@executable_path/Frameworks",
				);
				MARKETING_VERSION = 1.0;
				PRODUCT_BUNDLE_IDENTIFIER = "com.blacenova.SwiftUI-4-Accessory";
				PRODUCT_NAME = "$(TARGET_NAME)";
				SWIFT_EMIT_LOC_STRINGS = YES;
				SWIFT_VERSION = 5.0;
				TARGETED_DEVICE_FAMILY = "1,2";
			};
			name = Debug;
		};
		FDF036CC29179917000D3F87 /* Release */ = {
			isa = XCBuildConfiguration;
			buildSettings = {
				ASSETCATALOG_COMPILER_APPICON_NAME = AppIcon;
				ASSETCATALOG_COMPILER_GLOBAL_ACCENT_COLOR_NAME = AccentColor;
				CODE_SIGN_STYLE = Automatic;
				CURRENT_PROJECT_VERSION = 1;
				DEVELOPMENT_ASSET_PATHS = "\"SwiftUI_4_Accessory/Preview Content\"";
				DEVELOPMENT_TEAM = XP6V4T4UU6;
				ENABLE_PREVIEWS = YES;
				GENERATE_INFOPLIST_FILE = YES;
				INFOPLIST_KEY_NSLocationAlwaysAndWhenInUseUsageDescription = "WeatherApp requires your location";
				INFOPLIST_KEY_NSLocationWhenInUseUsageDescription = "WeatherApp need your location to get the current weather for where you are.";
				INFOPLIST_KEY_NSMotionUsageDescription = "We need to read your movements";
				INFOPLIST_KEY_UIApplicationSceneManifest_Generation = YES;
				INFOPLIST_KEY_UIApplicationSupportsIndirectInputEvents = YES;
				INFOPLIST_KEY_UILaunchScreen_Generation = YES;
				INFOPLIST_KEY_UISupportedInterfaceOrientations_iPad = "UIInterfaceOrientationPortrait UIInterfaceOrientationPortraitUpsideDown UIInterfaceOrientationLandscapeLeft UIInterfaceOrientationLandscapeRight";
				INFOPLIST_KEY_UISupportedInterfaceOrientations_iPhone = "UIInterfaceOrientationPortrait UIInterfaceOrientationLandscapeLeft UIInterfaceOrientationLandscapeRight";
				LD_RUNPATH_SEARCH_PATHS = (
					"$(inherited)",
					"@executable_path/Frameworks",
				);
				MARKETING_VERSION = 1.0;
				PRODUCT_BUNDLE_IDENTIFIER = "com.blacenova.SwiftUI-4-Accessory";
				PRODUCT_NAME = "$(TARGET_NAME)";
				SWIFT_EMIT_LOC_STRINGS = YES;
				SWIFT_VERSION = 5.0;
				TARGETED_DEVICE_FAMILY = "1,2";
			};
			name = Release;
		};
/* End XCBuildConfiguration section */

/* Begin XCConfigurationList section */
		FDF036B729179913000D3F87 /* Build configuration list for PBXProject "SwiftUI_4_Accessory" */ = {
			isa = XCConfigurationList;
			buildConfigurations = (
				FDF036C829179917000D3F87 /* Debug */,
				FDF036C929179917000D3F87 /* Release */,
			);
			defaultConfigurationIsVisible = 0;
			defaultConfigurationName = Release;
		};
		FDF036CA29179917000D3F87 /* Build configuration list for PBXNativeTarget "SwiftUI_4_Accessory" */ = {
			isa = XCConfigurationList;
			buildConfigurations = (
				FDF036CB29179917000D3F87 /* Debug */,
				FDF036CC29179917000D3F87 /* Release */,
			);
			defaultConfigurationIsVisible = 0;
			defaultConfigurationName = Release;
		};
/* End XCConfigurationList section */
	};
	rootObject = FDF036B429179913000D3F87 /* Project object */;
}
